// !$*UTF8*$!
{
	archiveVersion = 1;
	classes = {
	};
	objectVersion = 51;
	objects = {

/* Begin PBXBuildFile section */
		6B10AD7624B0EEFA00A28748 /* EventTableViewCell.swift in Sources */ = {isa = PBXBuildFile; fileRef = 6B10AD7424B0EEFA00A28748 /* EventTableViewCell.swift */; };
		6B10AD7724B0EEFA00A28748 /* EventTableViewCell.xib in Resources */ = {isa = PBXBuildFile; fileRef = 6B10AD7524B0EEFA00A28748 /* EventTableViewCell.xib */; };
		6B10AD7B24B321F700A28748 /* CreateEventViewController.swift in Sources */ = {isa = PBXBuildFile; fileRef = 6B10AD7924B321F700A28748 /* CreateEventViewController.swift */; };
		6B10AD7C24B321F700A28748 /* CreateEventViewController.xib in Resources */ = {isa = PBXBuildFile; fileRef = 6B10AD7A24B321F700A28748 /* CreateEventViewController.xib */; };
		6B10AD7F24B3231A00A28748 /* CategoryFactory.swift in Sources */ = {isa = PBXBuildFile; fileRef = 6B10AD7E24B3231A00A28748 /* CategoryFactory.swift */; };
		6B10AD8124B3232800A28748 /* CategoryWebService.swift in Sources */ = {isa = PBXBuildFile; fileRef = 6B10AD8024B3232800A28748 /* CategoryWebService.swift */; };
		6B10AD8324B3233300A28748 /* Category.swift in Sources */ = {isa = PBXBuildFile; fileRef = 6B10AD8224B3233300A28748 /* Category.swift */; };
		6B10AD8624B49AFF00A28748 /* UserFactory.swift in Sources */ = {isa = PBXBuildFile; fileRef = 6B10AD8524B49AFF00A28748 /* UserFactory.swift */; };
		6B10AD8824B49B0A00A28748 /* UserWebService.swift in Sources */ = {isa = PBXBuildFile; fileRef = 6B10AD8724B49B0A00A28748 /* UserWebService.swift */; };
		6B10AD8A24B49B1900A28748 /* User.swift in Sources */ = {isa = PBXBuildFile; fileRef = 6B10AD8924B49B1900A28748 /* User.swift */; };
		6B10AD8E24B4BA9000A28748 /* EventDetailViewController.swift in Sources */ = {isa = PBXBuildFile; fileRef = 6B10AD8C24B4BA9000A28748 /* EventDetailViewController.swift */; };
		6B10AD8F24B4BA9000A28748 /* EventDetailViewController.xib in Resources */ = {isa = PBXBuildFile; fileRef = 6B10AD8D24B4BA9000A28748 /* EventDetailViewController.xib */; };
		6B10AD9824B5209700A28748 /* EventQRViewController.swift in Sources */ = {isa = PBXBuildFile; fileRef = 6B10AD9624B5209700A28748 /* EventQRViewController.swift */; };
		6B10AD9924B5209700A28748 /* EventQRViewController.xib in Resources */ = {isa = PBXBuildFile; fileRef = 6B10AD9724B5209700A28748 /* EventQRViewController.xib */; };
		6B27CE90247B3689004BB65F /* HomeViewController.swift in Sources */ = {isa = PBXBuildFile; fileRef = 6B27CE8E247B3689004BB65F /* HomeViewController.swift */; };
		6B27CE91247B3689004BB65F /* HomeViewController.xib in Resources */ = {isa = PBXBuildFile; fileRef = 6B27CE8F247B3689004BB65F /* HomeViewController.xib */; };
		6B74B90E24BA212800128D13 /* EventParticipantsViewController.swift in Sources */ = {isa = PBXBuildFile; fileRef = 6B74B90C24BA212800128D13 /* EventParticipantsViewController.swift */; };
		6B74B90F24BA212800128D13 /* EventParticipantsViewController.xib in Resources */ = {isa = PBXBuildFile; fileRef = 6B74B90D24BA212800128D13 /* EventParticipantsViewController.xib */; };
		6B74B91424BA220400128D13 /* EventParticipantsTableViewCell.swift in Sources */ = {isa = PBXBuildFile; fileRef = 6B74B91224BA220400128D13 /* EventParticipantsTableViewCell.swift */; };
		6B74B91524BA220400128D13 /* EventParticipantsTableViewCell.xib in Resources */ = {isa = PBXBuildFile; fileRef = 6B74B91324BA220400128D13 /* EventParticipantsTableViewCell.xib */; };
		6B751DD22483E40F0045CD43 /* SignupViewController.swift in Sources */ = {isa = PBXBuildFile; fileRef = 6B751DD02483E40F0045CD43 /* SignupViewController.swift */; };
		6B751DD32483E40F0045CD43 /* SignupViewController.xib in Resources */ = {isa = PBXBuildFile; fileRef = 6B751DD12483E40F0045CD43 /* SignupViewController.xib */; };
		6B7DD55724BB709600B48394 /* FeedbackFactory.swift in Sources */ = {isa = PBXBuildFile; fileRef = 6B7DD55624BB709600B48394 /* FeedbackFactory.swift */; };
		6B7DD55924BB70A800B48394 /* FeedbackWebService.swift in Sources */ = {isa = PBXBuildFile; fileRef = 6B7DD55824BB70A800B48394 /* FeedbackWebService.swift */; };
		6B7DD55B24BB70D700B48394 /* Feedback.swift in Sources */ = {isa = PBXBuildFile; fileRef = 6B7DD55A24BB70D700B48394 /* Feedback.swift */; };
		6B7DD55E24BCEE0200B48394 /* Podfile in Resources */ = {isa = PBXBuildFile; fileRef = 6B7DD55D24BCEE0200B48394 /* Podfile */; };
		6B8CCEAB2470A02700617F80 /* AppDelegate.swift in Sources */ = {isa = PBXBuildFile; fileRef = 6B8CCEAA2470A02700617F80 /* AppDelegate.swift */; };
		6B8CCEB42470A02B00617F80 /* Assets.xcassets in Resources */ = {isa = PBXBuildFile; fileRef = 6B8CCEB32470A02B00617F80 /* Assets.xcassets */; };
		6B8CCEB72470A02B00617F80 /* LaunchScreen.storyboard in Resources */ = {isa = PBXBuildFile; fileRef = 6B8CCEB52470A02B00617F80 /* LaunchScreen.storyboard */; };
		6B8CCEC22470A02C00617F80 /* Benevent_iOSTests.swift in Sources */ = {isa = PBXBuildFile; fileRef = 6B8CCEC12470A02C00617F80 /* Benevent_iOSTests.swift */; };
		6B8CCECD2470A02C00617F80 /* Benevent_iOSUITests.swift in Sources */ = {isa = PBXBuildFile; fileRef = 6B8CCECC2470A02C00617F80 /* Benevent_iOSUITests.swift */; };
		6B8CCEE42470A6A200617F80 /* LoginViewController.swift in Sources */ = {isa = PBXBuildFile; fileRef = 6B8CCEE22470A6A200617F80 /* LoginViewController.swift */; };
		6B8CCEE52470A6A200617F80 /* LoginViewController.xib in Resources */ = {isa = PBXBuildFile; fileRef = 6B8CCEE32470A6A200617F80 /* LoginViewController.xib */; };
		6BA4405024A26712006FD94B /* AssociationWebService.swift in Sources */ = {isa = PBXBuildFile; fileRef = 6BA4404F24A26712006FD94B /* AssociationWebService.swift */; };
		6BA53AD52482974100D4105F /* AppConfig.swift in Sources */ = {isa = PBXBuildFile; fileRef = 6BA53AD42482974100D4105F /* AppConfig.swift */; };
		6BA53AD92483014300D4105F /* Association.swift in Sources */ = {isa = PBXBuildFile; fileRef = 6BA53AD82483014300D4105F /* Association.swift */; };
		6BA53ADF2483195200D4105F /* AssociationFactory.swift in Sources */ = {isa = PBXBuildFile; fileRef = 6BA53ADE2483195200D4105F /* AssociationFactory.swift */; };
		6BB55E2324A502C400072E8D /* EventFactory.swift in Sources */ = {isa = PBXBuildFile; fileRef = 6BB55E2124A502C400072E8D /* EventFactory.swift */; };
		6BB55E2424A502C400072E8D /* EventWebService.swift in Sources */ = {isa = PBXBuildFile; fileRef = 6BB55E2224A502C400072E8D /* EventWebService.swift */; };
		6BB55E2724A502D300072E8D /* Event.swift in Sources */ = {isa = PBXBuildFile; fileRef = 6BB55E2524A502D300072E8D /* Event.swift */; };
		6BB55E2824A502D300072E8D /* extensions.swift in Sources */ = {isa = PBXBuildFile; fileRef = 6BB55E2624A502D300072E8D /* extensions.swift */; };
		6BB55E2C24A502FE00072E8D /* ProfileViewController.xib in Resources */ = {isa = PBXBuildFile; fileRef = 6BB55E2A24A502FE00072E8D /* ProfileViewController.xib */; };
		6BB55E2D24A502FE00072E8D /* ProfileViewController.swift in Sources */ = {isa = PBXBuildFile; fileRef = 6BB55E2B24A502FE00072E8D /* ProfileViewController.swift */; };
		6BB55E3024A5092B00072E8D /* monofonto.ttf in Resources */ = {isa = PBXBuildFile; fileRef = 6BB55E2F24A5092B00072E8D /* monofonto.ttf */; };
		6BC87DC024A3DEC900874DE3 /* EventViewController.swift in Sources */ = {isa = PBXBuildFile; fileRef = 6BC87DBE24A3DEC900874DE3 /* EventViewController.swift */; };
		6BC87DC124A3DEC900874DE3 /* EventViewController.xib in Resources */ = {isa = PBXBuildFile; fileRef = 6BC87DBF24A3DEC900874DE3 /* EventViewController.xib */; };
		6BC87DC624A3DEEC00874DE3 /* FeedbackViewController.swift in Sources */ = {isa = PBXBuildFile; fileRef = 6BC87DC424A3DEEC00874DE3 /* FeedbackViewController.swift */; };
		6BC87DC724A3DEEC00874DE3 /* FeedbackViewController.xib in Resources */ = {isa = PBXBuildFile; fileRef = 6BC87DC524A3DEEC00874DE3 /* FeedbackViewController.xib */; };
		6BC87DCA24A3FCED00874DE3 /* HomeTableViewCell.swift in Sources */ = {isa = PBXBuildFile; fileRef = 6BC87DC824A3FCED00874DE3 /* HomeTableViewCell.swift */; };
		6BC87DCB24A3FCED00874DE3 /* HomeTableViewCell.xib in Resources */ = {isa = PBXBuildFile; fileRef = 6BC87DC924A3FCED00874DE3 /* HomeTableViewCell.xib */; };
		6BC87DCE24A4025F00874DE3 /* PostFactory.swift in Sources */ = {isa = PBXBuildFile; fileRef = 6BC87DCD24A4025F00874DE3 /* PostFactory.swift */; };
		6BC87DD024A4026B00874DE3 /* PostWebService.swift in Sources */ = {isa = PBXBuildFile; fileRef = 6BC87DCF24A4026B00874DE3 /* PostWebService.swift */; };
		6BC87DD224A4027600874DE3 /* Post.swift in Sources */ = {isa = PBXBuildFile; fileRef = 6BC87DD124A4027600874DE3 /* Post.swift */; };
		6BCB793324AE360A00BE2113 /* CreatePostViewController.swift in Sources */ = {isa = PBXBuildFile; fileRef = 6BCB793124AE360A00BE2113 /* CreatePostViewController.swift */; };
		6BCB793424AE360A00BE2113 /* CreatePostViewController.xib in Resources */ = {isa = PBXBuildFile; fileRef = 6BCB793224AE360A00BE2113 /* CreatePostViewController.xib */; };
		C2A57AD4987A8B921CE33987 /* Pods_Benevent_iOS.framework in Frameworks */ = {isa = PBXBuildFile; fileRef = CC78666DC2E1363373BCE63D /* Pods_Benevent_iOS.framework */; };
/* End PBXBuildFile section */

/* Begin PBXContainerItemProxy section */
		6B8CCEBE2470A02B00617F80 /* PBXContainerItemProxy */ = {
			isa = PBXContainerItemProxy;
			containerPortal = 6B8CCE9F2470A02700617F80 /* Project object */;
			proxyType = 1;
			remoteGlobalIDString = 6B8CCEA62470A02700617F80;
			remoteInfo = "Benevent iOS";
		};
		6B8CCEC92470A02C00617F80 /* PBXContainerItemProxy */ = {
			isa = PBXContainerItemProxy;
			containerPortal = 6B8CCE9F2470A02700617F80 /* Project object */;
			proxyType = 1;
			remoteGlobalIDString = 6B8CCEA62470A02700617F80;
			remoteInfo = "Benevent iOS";
		};
/* End PBXContainerItemProxy section */

/* Begin PBXFileReference section */
		6B10AD7424B0EEFA00A28748 /* EventTableViewCell.swift */ = {isa = PBXFileReference; lastKnownFileType = sourcecode.swift; path = EventTableViewCell.swift; sourceTree = "<group>"; };
		6B10AD7524B0EEFA00A28748 /* EventTableViewCell.xib */ = {isa = PBXFileReference; lastKnownFileType = file.xib; path = EventTableViewCell.xib; sourceTree = "<group>"; };
		6B10AD7924B321F700A28748 /* CreateEventViewController.swift */ = {isa = PBXFileReference; lastKnownFileType = sourcecode.swift; path = CreateEventViewController.swift; sourceTree = "<group>"; };
		6B10AD7A24B321F700A28748 /* CreateEventViewController.xib */ = {isa = PBXFileReference; lastKnownFileType = file.xib; path = CreateEventViewController.xib; sourceTree = "<group>"; };
		6B10AD7E24B3231A00A28748 /* CategoryFactory.swift */ = {isa = PBXFileReference; lastKnownFileType = sourcecode.swift; path = CategoryFactory.swift; sourceTree = "<group>"; };
		6B10AD8024B3232800A28748 /* CategoryWebService.swift */ = {isa = PBXFileReference; lastKnownFileType = sourcecode.swift; path = CategoryWebService.swift; sourceTree = "<group>"; };
		6B10AD8224B3233300A28748 /* Category.swift */ = {isa = PBXFileReference; lastKnownFileType = sourcecode.swift; path = Category.swift; sourceTree = "<group>"; };
		6B10AD8524B49AFF00A28748 /* UserFactory.swift */ = {isa = PBXFileReference; lastKnownFileType = sourcecode.swift; path = UserFactory.swift; sourceTree = "<group>"; };
		6B10AD8724B49B0A00A28748 /* UserWebService.swift */ = {isa = PBXFileReference; lastKnownFileType = sourcecode.swift; path = UserWebService.swift; sourceTree = "<group>"; };
		6B10AD8924B49B1900A28748 /* User.swift */ = {isa = PBXFileReference; lastKnownFileType = sourcecode.swift; path = User.swift; sourceTree = "<group>"; };
		6B10AD8C24B4BA9000A28748 /* EventDetailViewController.swift */ = {isa = PBXFileReference; lastKnownFileType = sourcecode.swift; path = EventDetailViewController.swift; sourceTree = "<group>"; };
		6B10AD8D24B4BA9000A28748 /* EventDetailViewController.xib */ = {isa = PBXFileReference; lastKnownFileType = file.xib; path = EventDetailViewController.xib; sourceTree = "<group>"; };
		6B10AD9624B5209700A28748 /* EventQRViewController.swift */ = {isa = PBXFileReference; lastKnownFileType = sourcecode.swift; path = EventQRViewController.swift; sourceTree = "<group>"; };
		6B10AD9724B5209700A28748 /* EventQRViewController.xib */ = {isa = PBXFileReference; lastKnownFileType = file.xib; path = EventQRViewController.xib; sourceTree = "<group>"; };
		6B27CE8E247B3689004BB65F /* HomeViewController.swift */ = {isa = PBXFileReference; lastKnownFileType = sourcecode.swift; path = HomeViewController.swift; sourceTree = "<group>"; };
		6B27CE8F247B3689004BB65F /* HomeViewController.xib */ = {isa = PBXFileReference; lastKnownFileType = file.xib; path = HomeViewController.xib; sourceTree = "<group>"; };
		6B74B90C24BA212800128D13 /* EventParticipantsViewController.swift */ = {isa = PBXFileReference; lastKnownFileType = sourcecode.swift; path = EventParticipantsViewController.swift; sourceTree = "<group>"; };
		6B74B90D24BA212800128D13 /* EventParticipantsViewController.xib */ = {isa = PBXFileReference; lastKnownFileType = file.xib; path = EventParticipantsViewController.xib; sourceTree = "<group>"; };
		6B74B91224BA220400128D13 /* EventParticipantsTableViewCell.swift */ = {isa = PBXFileReference; lastKnownFileType = sourcecode.swift; path = EventParticipantsTableViewCell.swift; sourceTree = "<group>"; };
		6B74B91324BA220400128D13 /* EventParticipantsTableViewCell.xib */ = {isa = PBXFileReference; lastKnownFileType = file.xib; path = EventParticipantsTableViewCell.xib; sourceTree = "<group>"; };
		6B751DD02483E40F0045CD43 /* SignupViewController.swift */ = {isa = PBXFileReference; lastKnownFileType = sourcecode.swift; path = SignupViewController.swift; sourceTree = "<group>"; };
		6B751DD12483E40F0045CD43 /* SignupViewController.xib */ = {isa = PBXFileReference; lastKnownFileType = file.xib; path = SignupViewController.xib; sourceTree = "<group>"; };
		6B7DD55624BB709600B48394 /* FeedbackFactory.swift */ = {isa = PBXFileReference; lastKnownFileType = sourcecode.swift; path = FeedbackFactory.swift; sourceTree = "<group>"; };
		6B7DD55824BB70A800B48394 /* FeedbackWebService.swift */ = {isa = PBXFileReference; lastKnownFileType = sourcecode.swift; path = FeedbackWebService.swift; sourceTree = "<group>"; };
		6B7DD55A24BB70D700B48394 /* Feedback.swift */ = {isa = PBXFileReference; lastKnownFileType = sourcecode.swift; path = Feedback.swift; sourceTree = "<group>"; };
		6B7DD55C24BCAD7400B48394 /* Benevent iOS.entitlements */ = {isa = PBXFileReference; lastKnownFileType = text.plist.entitlements; path = "Benevent iOS.entitlements"; sourceTree = "<group>"; };
		6B7DD55D24BCEE0200B48394 /* Podfile */ = {isa = PBXFileReference; fileEncoding = 4; lastKnownFileType = text; path = Podfile; sourceTree = "<group>"; xcLanguageSpecificationIdentifier = xcode.lang.ruby; };
		6B8CCEA72470A02700617F80 /* Benevent iOS.app */ = {isa = PBXFileReference; explicitFileType = wrapper.application; includeInIndex = 0; path = "Benevent iOS.app"; sourceTree = BUILT_PRODUCTS_DIR; };
		6B8CCEAA2470A02700617F80 /* AppDelegate.swift */ = {isa = PBXFileReference; lastKnownFileType = sourcecode.swift; path = AppDelegate.swift; sourceTree = "<group>"; };
		6B8CCEB32470A02B00617F80 /* Assets.xcassets */ = {isa = PBXFileReference; lastKnownFileType = folder.assetcatalog; path = Assets.xcassets; sourceTree = "<group>"; };
		6B8CCEB62470A02B00617F80 /* Base */ = {isa = PBXFileReference; lastKnownFileType = file.storyboard; name = Base; path = Base.lproj/LaunchScreen.storyboard; sourceTree = "<group>"; };
		6B8CCEB82470A02B00617F80 /* Info.plist */ = {isa = PBXFileReference; lastKnownFileType = text.plist.xml; path = Info.plist; sourceTree = "<group>"; };
		6B8CCEBD2470A02B00617F80 /* Benevent iOSTests.xctest */ = {isa = PBXFileReference; explicitFileType = wrapper.cfbundle; includeInIndex = 0; path = "Benevent iOSTests.xctest"; sourceTree = BUILT_PRODUCTS_DIR; };
		6B8CCEC12470A02C00617F80 /* Benevent_iOSTests.swift */ = {isa = PBXFileReference; lastKnownFileType = sourcecode.swift; path = Benevent_iOSTests.swift; sourceTree = "<group>"; };
		6B8CCEC32470A02C00617F80 /* Info.plist */ = {isa = PBXFileReference; lastKnownFileType = text.plist.xml; path = Info.plist; sourceTree = "<group>"; };
		6B8CCEC82470A02C00617F80 /* Benevent iOSUITests.xctest */ = {isa = PBXFileReference; explicitFileType = wrapper.cfbundle; includeInIndex = 0; path = "Benevent iOSUITests.xctest"; sourceTree = BUILT_PRODUCTS_DIR; };
		6B8CCECC2470A02C00617F80 /* Benevent_iOSUITests.swift */ = {isa = PBXFileReference; lastKnownFileType = sourcecode.swift; path = Benevent_iOSUITests.swift; sourceTree = "<group>"; };
		6B8CCECE2470A02C00617F80 /* Info.plist */ = {isa = PBXFileReference; lastKnownFileType = text.plist.xml; path = Info.plist; sourceTree = "<group>"; };
		6B8CCEE22470A6A200617F80 /* LoginViewController.swift */ = {isa = PBXFileReference; lastKnownFileType = sourcecode.swift; path = LoginViewController.swift; sourceTree = "<group>"; };
		6B8CCEE32470A6A200617F80 /* LoginViewController.xib */ = {isa = PBXFileReference; lastKnownFileType = file.xib; path = LoginViewController.xib; sourceTree = "<group>"; };
		6BA4404F24A26712006FD94B /* AssociationWebService.swift */ = {isa = PBXFileReference; lastKnownFileType = sourcecode.swift; path = AssociationWebService.swift; sourceTree = "<group>"; };
		6BA53AD42482974100D4105F /* AppConfig.swift */ = {isa = PBXFileReference; lastKnownFileType = sourcecode.swift; path = AppConfig.swift; sourceTree = "<group>"; };
		6BA53AD82483014300D4105F /* Association.swift */ = {isa = PBXFileReference; lastKnownFileType = sourcecode.swift; path = Association.swift; sourceTree = "<group>"; };
		6BA53ADE2483195200D4105F /* AssociationFactory.swift */ = {isa = PBXFileReference; lastKnownFileType = sourcecode.swift; path = AssociationFactory.swift; sourceTree = "<group>"; };
		6BB55E2124A502C400072E8D /* EventFactory.swift */ = {isa = PBXFileReference; fileEncoding = 4; lastKnownFileType = sourcecode.swift; path = EventFactory.swift; sourceTree = "<group>"; };
		6BB55E2224A502C400072E8D /* EventWebService.swift */ = {isa = PBXFileReference; fileEncoding = 4; lastKnownFileType = sourcecode.swift; path = EventWebService.swift; sourceTree = "<group>"; };
		6BB55E2524A502D300072E8D /* Event.swift */ = {isa = PBXFileReference; fileEncoding = 4; lastKnownFileType = sourcecode.swift; path = Event.swift; sourceTree = "<group>"; };
		6BB55E2624A502D300072E8D /* extensions.swift */ = {isa = PBXFileReference; fileEncoding = 4; lastKnownFileType = sourcecode.swift; path = extensions.swift; sourceTree = "<group>"; };
		6BB55E2A24A502FE00072E8D /* ProfileViewController.xib */ = {isa = PBXFileReference; fileEncoding = 4; lastKnownFileType = file.xib; path = ProfileViewController.xib; sourceTree = "<group>"; };
		6BB55E2B24A502FE00072E8D /* ProfileViewController.swift */ = {isa = PBXFileReference; fileEncoding = 4; lastKnownFileType = sourcecode.swift; path = ProfileViewController.swift; sourceTree = "<group>"; };
		6BB55E2F24A5092B00072E8D /* monofonto.ttf */ = {isa = PBXFileReference; lastKnownFileType = file; name = monofonto.ttf; path = "Benevent iOS/fonts/monofonto.ttf"; sourceTree = SOURCE_ROOT; };
		6BC87DBE24A3DEC900874DE3 /* EventViewController.swift */ = {isa = PBXFileReference; lastKnownFileType = sourcecode.swift; path = EventViewController.swift; sourceTree = "<group>"; };
		6BC87DBF24A3DEC900874DE3 /* EventViewController.xib */ = {isa = PBXFileReference; lastKnownFileType = file.xib; path = EventViewController.xib; sourceTree = "<group>"; };
		6BC87DC424A3DEEC00874DE3 /* FeedbackViewController.swift */ = {isa = PBXFileReference; lastKnownFileType = sourcecode.swift; path = FeedbackViewController.swift; sourceTree = "<group>"; };
		6BC87DC524A3DEEC00874DE3 /* FeedbackViewController.xib */ = {isa = PBXFileReference; lastKnownFileType = file.xib; path = FeedbackViewController.xib; sourceTree = "<group>"; };
		6BC87DC824A3FCED00874DE3 /* HomeTableViewCell.swift */ = {isa = PBXFileReference; lastKnownFileType = sourcecode.swift; path = HomeTableViewCell.swift; sourceTree = "<group>"; };
		6BC87DC924A3FCED00874DE3 /* HomeTableViewCell.xib */ = {isa = PBXFileReference; lastKnownFileType = file.xib; path = HomeTableViewCell.xib; sourceTree = "<group>"; };
		6BC87DCD24A4025F00874DE3 /* PostFactory.swift */ = {isa = PBXFileReference; lastKnownFileType = sourcecode.swift; path = PostFactory.swift; sourceTree = "<group>"; };
		6BC87DCF24A4026B00874DE3 /* PostWebService.swift */ = {isa = PBXFileReference; lastKnownFileType = sourcecode.swift; path = PostWebService.swift; sourceTree = "<group>"; };
		6BC87DD124A4027600874DE3 /* Post.swift */ = {isa = PBXFileReference; lastKnownFileType = sourcecode.swift; path = Post.swift; sourceTree = "<group>"; };
		6BCB793124AE360A00BE2113 /* CreatePostViewController.swift */ = {isa = PBXFileReference; lastKnownFileType = sourcecode.swift; path = CreatePostViewController.swift; sourceTree = "<group>"; };
		6BCB793224AE360A00BE2113 /* CreatePostViewController.xib */ = {isa = PBXFileReference; lastKnownFileType = file.xib; path = CreatePostViewController.xib; sourceTree = "<group>"; };
		6F81017D69A0A2A525011457 /* Pods-Benevent iOS.debug.xcconfig */ = {isa = PBXFileReference; includeInIndex = 1; lastKnownFileType = text.xcconfig; name = "Pods-Benevent iOS.debug.xcconfig"; path = "Target Support Files/Pods-Benevent iOS/Pods-Benevent iOS.debug.xcconfig"; sourceTree = "<group>"; };
		CC78666DC2E1363373BCE63D /* Pods_Benevent_iOS.framework */ = {isa = PBXFileReference; explicitFileType = wrapper.framework; includeInIndex = 0; path = Pods_Benevent_iOS.framework; sourceTree = BUILT_PRODUCTS_DIR; };
		EAD63CFD5B53C56A72448093 /* Pods-Benevent iOS.release.xcconfig */ = {isa = PBXFileReference; includeInIndex = 1; lastKnownFileType = text.xcconfig; name = "Pods-Benevent iOS.release.xcconfig"; path = "Target Support Files/Pods-Benevent iOS/Pods-Benevent iOS.release.xcconfig"; sourceTree = "<group>"; };
/* End PBXFileReference section */

/* Begin PBXFrameworksBuildPhase section */
		6B8CCEA42470A02700617F80 /* Frameworks */ = {
			isa = PBXFrameworksBuildPhase;
			buildActionMask = 2147483647;
			files = (
				C2A57AD4987A8B921CE33987 /* Pods_Benevent_iOS.framework in Frameworks */,
			);
			runOnlyForDeploymentPostprocessing = 0;
		};
		6B8CCEBA2470A02B00617F80 /* Frameworks */ = {
			isa = PBXFrameworksBuildPhase;
			buildActionMask = 2147483647;
			files = (
			);
			runOnlyForDeploymentPostprocessing = 0;
		};
		6B8CCEC52470A02C00617F80 /* Frameworks */ = {
			isa = PBXFrameworksBuildPhase;
			buildActionMask = 2147483647;
			files = (
			);
			runOnlyForDeploymentPostprocessing = 0;
		};
/* End PBXFrameworksBuildPhase section */

/* Begin PBXGroup section */
		151A4451098277B07456FF47 /* Pods */ = {
			isa = PBXGroup;
			children = (
				6F81017D69A0A2A525011457 /* Pods-Benevent iOS.debug.xcconfig */,
				EAD63CFD5B53C56A72448093 /* Pods-Benevent iOS.release.xcconfig */,
			);
			path = Pods;
			sourceTree = "<group>";
		};
		6B10AD7824B321CC00A28748 /* Create Event */ = {
			isa = PBXGroup;
			children = (
				6B10AD7924B321F700A28748 /* CreateEventViewController.swift */,
				6B10AD7A24B321F700A28748 /* CreateEventViewController.xib */,
			);
			path = "Create Event";
			sourceTree = "<group>";
		};
		6B10AD7D24B3230600A28748 /* Category */ = {
			isa = PBXGroup;
			children = (
				6B10AD7E24B3231A00A28748 /* CategoryFactory.swift */,
				6B10AD8024B3232800A28748 /* CategoryWebService.swift */,
			);
			path = Category;
			sourceTree = "<group>";
		};
		6B10AD8424B49AEF00A28748 /* User */ = {
			isa = PBXGroup;
			children = (
				6B10AD8524B49AFF00A28748 /* UserFactory.swift */,
				6B10AD8724B49B0A00A28748 /* UserWebService.swift */,
			);
			path = User;
			sourceTree = "<group>";
		};
		6B10AD8B24B4BA7700A28748 /* EventDetail */ = {
			isa = PBXGroup;
			children = (
				6B10AD8C24B4BA9000A28748 /* EventDetailViewController.swift */,
				6B10AD8D24B4BA9000A28748 /* EventDetailViewController.xib */,
			);
			path = EventDetail;
			sourceTree = "<group>";
		};
		6B10AD9224B4F4DC00A28748 /* HomeCell */ = {
			isa = PBXGroup;
			children = (
				6BC87DC824A3FCED00874DE3 /* HomeTableViewCell.swift */,
				6BC87DC924A3FCED00874DE3 /* HomeTableViewCell.xib */,
			);
			path = HomeCell;
			sourceTree = "<group>";
		};
		6B10AD9324B5206800A28748 /* EventQR */ = {
			isa = PBXGroup;
			children = (
				6B10AD9624B5209700A28748 /* EventQRViewController.swift */,
				6B10AD9724B5209700A28748 /* EventQRViewController.xib */,
			);
			path = EventQR;
			sourceTree = "<group>";
		};
		6B10AD9A24B5210700A28748 /* EventParticipants */ = {
			isa = PBXGroup;
			children = (
				6B74B91024BA214B00128D13 /* EventParticipantsTableViewCell */,
				6B74B90C24BA212800128D13 /* EventParticipantsViewController.swift */,
				6B74B90D24BA212800128D13 /* EventParticipantsViewController.xib */,
			);
			path = EventParticipants;
			sourceTree = "<group>";
		};
		6B74B91024BA214B00128D13 /* EventParticipantsTableViewCell */ = {
			isa = PBXGroup;
			children = (
				6B74B91224BA220400128D13 /* EventParticipantsTableViewCell.swift */,
				6B74B91324BA220400128D13 /* EventParticipantsTableViewCell.xib */,
			);
			path = EventParticipantsTableViewCell;
			sourceTree = "<group>";
		};
		6B751DCF2483E3E80045CD43 /* Signin_Signup */ = {
			isa = PBXGroup;
			children = (
				6B8CCEE22470A6A200617F80 /* LoginViewController.swift */,
				6B8CCEE32470A6A200617F80 /* LoginViewController.xib */,
				6B751DD02483E40F0045CD43 /* SignupViewController.swift */,
				6B751DD12483E40F0045CD43 /* SignupViewController.xib */,
			);
			path = Signin_Signup;
			sourceTree = "<group>";
		};
		6B7DD55524BB707B00B48394 /* Feedback */ = {
			isa = PBXGroup;
			children = (
				6B7DD55624BB709600B48394 /* FeedbackFactory.swift */,
				6B7DD55824BB70A800B48394 /* FeedbackWebService.swift */,
			);
			path = Feedback;
			sourceTree = "<group>";
		};
		6B8CCE9E2470A02700617F80 = {
			isa = PBXGroup;
			children = (
				6B7DD55D24BCEE0200B48394 /* Podfile */,
				6B8CCEA92470A02700617F80 /* Benevent iOS */,
				6B8CCEC02470A02C00617F80 /* Benevent iOSTests */,
				6B8CCECB2470A02C00617F80 /* Benevent iOSUITests */,
				6B8CCEA82470A02700617F80 /* Products */,
				151A4451098277B07456FF47 /* Pods */,
				F996A3F011D9D20ABE353766 /* Frameworks */,
			);
			sourceTree = "<group>";
		};
		6B8CCEA82470A02700617F80 /* Products */ = {
			isa = PBXGroup;
			children = (
				6B8CCEA72470A02700617F80 /* Benevent iOS.app */,
				6B8CCEBD2470A02B00617F80 /* Benevent iOSTests.xctest */,
				6B8CCEC82470A02C00617F80 /* Benevent iOSUITests.xctest */,
			);
			name = Products;
			sourceTree = "<group>";
		};
		6B8CCEA92470A02700617F80 /* Benevent iOS */ = {
			isa = PBXGroup;
			children = (
				6B7DD55C24BCAD7400B48394 /* Benevent iOS.entitlements */,
				6BB55E2E24A508FF00072E8D /* fonts */,
				6B8CCEE12470A66100617F80 /* Services */,
				6B8CCEE02470A65500617F80 /* Models */,
				6B8CCEDF2470A64F00617F80 /* Scenes */,
				6B8CCEAA2470A02700617F80 /* AppDelegate.swift */,
				6B8CCEB32470A02B00617F80 /* Assets.xcassets */,
				6B8CCEB52470A02B00617F80 /* LaunchScreen.storyboard */,
				6B8CCEB82470A02B00617F80 /* Info.plist */,
				6BA53AD42482974100D4105F /* AppConfig.swift */,
			);
			path = "Benevent iOS";
			sourceTree = "<group>";
		};
		6B8CCEC02470A02C00617F80 /* Benevent iOSTests */ = {
			isa = PBXGroup;
			children = (
				6B8CCEC12470A02C00617F80 /* Benevent_iOSTests.swift */,
				6B8CCEC32470A02C00617F80 /* Info.plist */,
			);
			path = "Benevent iOSTests";
			sourceTree = "<group>";
		};
		6B8CCECB2470A02C00617F80 /* Benevent iOSUITests */ = {
			isa = PBXGroup;
			children = (
				6B8CCECC2470A02C00617F80 /* Benevent_iOSUITests.swift */,
				6B8CCECE2470A02C00617F80 /* Info.plist */,
			);
			path = "Benevent iOSUITests";
			sourceTree = "<group>";
		};
		6B8CCEDF2470A64F00617F80 /* Scenes */ = {
			isa = PBXGroup;
			children = (
				6BB55E2924A502EC00072E8D /* Profile */,
				6BC87DC324A3DED900874DE3 /* Feedback */,
				6BC87DC224A3DED100874DE3 /* Event */,
				6BC87DB824A3DE9A00874DE3 /* Home */,
				6B751DCF2483E3E80045CD43 /* Signin_Signup */,
			);
			path = Scenes;
			sourceTree = "<group>";
		};
		6B8CCEE02470A65500617F80 /* Models */ = {
			isa = PBXGroup;
			children = (
				6BB55E2624A502D300072E8D /* extensions.swift */,
				6BA53AD82483014300D4105F /* Association.swift */,
				6B10AD8224B3233300A28748 /* Category.swift */,
				6BB55E2524A502D300072E8D /* Event.swift */,
				6B7DD55A24BB70D700B48394 /* Feedback.swift */,
				6BC87DD124A4027600874DE3 /* Post.swift */,
				6B10AD8924B49B1900A28748 /* User.swift */,
			);
			path = Models;
			sourceTree = "<group>";
		};
		6B8CCEE12470A66100617F80 /* Services */ = {
			isa = PBXGroup;
			children = (
				6B7DD55524BB707B00B48394 /* Feedback */,
				6B10AD8424B49AEF00A28748 /* User */,
				6B10AD7D24B3230600A28748 /* Category */,
				6BB55E2024A502B000072E8D /* Event */,
				6BC87DCC24A4024D00874DE3 /* Post */,
				6BA4404E24A26701006FD94B /* Association */,
			);
			path = Services;
			sourceTree = "<group>";
		};
		6BA4404E24A26701006FD94B /* Association */ = {
			isa = PBXGroup;
			children = (
				6BA53ADE2483195200D4105F /* AssociationFactory.swift */,
				6BA4404F24A26712006FD94B /* AssociationWebService.swift */,
			);
			path = Association;
			sourceTree = "<group>";
		};
		6BB55E2024A502B000072E8D /* Event */ = {
			isa = PBXGroup;
			children = (
				6BB55E2124A502C400072E8D /* EventFactory.swift */,
				6BB55E2224A502C400072E8D /* EventWebService.swift */,
			);
			path = Event;
			sourceTree = "<group>";
		};
		6BB55E2924A502EC00072E8D /* Profile */ = {
			isa = PBXGroup;
			children = (
				6BB55E2B24A502FE00072E8D /* ProfileViewController.swift */,
				6BB55E2A24A502FE00072E8D /* ProfileViewController.xib */,
			);
			path = Profile;
			sourceTree = "<group>";
		};
		6BB55E2E24A508FF00072E8D /* fonts */ = {
			isa = PBXGroup;
			children = (
				6BB55E2F24A5092B00072E8D /* monofonto.ttf */,
			);
			path = fonts;
			sourceTree = "<group>";
		};
		6BC87DB824A3DE9A00874DE3 /* Home */ = {
			isa = PBXGroup;
			children = (
				6B10AD9224B4F4DC00A28748 /* HomeCell */,
				6BCB793024AE35DC00BE2113 /* Create Post */,
				6B27CE8E247B3689004BB65F /* HomeViewController.swift */,
				6B27CE8F247B3689004BB65F /* HomeViewController.xib */,
			);
			path = Home;
			sourceTree = "<group>";
		};
		6BC87DC224A3DED100874DE3 /* Event */ = {
			isa = PBXGroup;
			children = (
				6B10AD9A24B5210700A28748 /* EventParticipants */,
				6B10AD9324B5206800A28748 /* EventQR */,
				6B10AD8B24B4BA7700A28748 /* EventDetail */,
				6B10AD7824B321CC00A28748 /* Create Event */,
				6BC87DBE24A3DEC900874DE3 /* EventViewController.swift */,
				6BC87DBF24A3DEC900874DE3 /* EventViewController.xib */,
				6B10AD7424B0EEFA00A28748 /* EventTableViewCell.swift */,
				6B10AD7524B0EEFA00A28748 /* EventTableViewCell.xib */,
			);
			path = Event;
			sourceTree = "<group>";
		};
		6BC87DC324A3DED900874DE3 /* Feedback */ = {
			isa = PBXGroup;
			children = (
				6BC87DC424A3DEEC00874DE3 /* FeedbackViewController.swift */,
				6BC87DC524A3DEEC00874DE3 /* FeedbackViewController.xib */,
			);
			path = Feedback;
			sourceTree = "<group>";
		};
		6BC87DCC24A4024D00874DE3 /* Post */ = {
			isa = PBXGroup;
			children = (
				6BC87DCD24A4025F00874DE3 /* PostFactory.swift */,
				6BC87DCF24A4026B00874DE3 /* PostWebService.swift */,
			);
			path = Post;
			sourceTree = "<group>";
		};
		6BCB793024AE35DC00BE2113 /* Create Post */ = {
			isa = PBXGroup;
			children = (
				6BCB793124AE360A00BE2113 /* CreatePostViewController.swift */,
				6BCB793224AE360A00BE2113 /* CreatePostViewController.xib */,
			);
			path = "Create Post";
			sourceTree = "<group>";
		};
		F996A3F011D9D20ABE353766 /* Frameworks */ = {
			isa = PBXGroup;
			children = (
				CC78666DC2E1363373BCE63D /* Pods_Benevent_iOS.framework */,
			);
			name = Frameworks;
			sourceTree = "<group>";
		};
/* End PBXGroup section */

/* Begin PBXNativeTarget section */
		6B8CCEA62470A02700617F80 /* Benevent iOS */ = {
			isa = PBXNativeTarget;
			buildConfigurationList = 6B8CCED12470A02C00617F80 /* Build configuration list for PBXNativeTarget "Benevent iOS" */;
			buildPhases = (
				983039E7687AF1660BD2BE38 /* [CP] Check Pods Manifest.lock */,
				6B8CCEA32470A02700617F80 /* Sources */,
				6B8CCEA42470A02700617F80 /* Frameworks */,
				6B8CCEA52470A02700617F80 /* Resources */,
				7F8D5FF779C2C68DD3C94FFB /* [CP] Embed Pods Frameworks */,
			);
			buildRules = (
			);
			dependencies = (
			);
			name = "Benevent iOS";
			productName = "Benevent iOS";
			productReference = 6B8CCEA72470A02700617F80 /* Benevent iOS.app */;
			productType = "com.apple.product-type.application";
		};
		6B8CCEBC2470A02B00617F80 /* Benevent iOSTests */ = {
			isa = PBXNativeTarget;
			buildConfigurationList = 6B8CCED42470A02C00617F80 /* Build configuration list for PBXNativeTarget "Benevent iOSTests" */;
			buildPhases = (
				6B8CCEB92470A02B00617F80 /* Sources */,
				6B8CCEBA2470A02B00617F80 /* Frameworks */,
				6B8CCEBB2470A02B00617F80 /* Resources */,
			);
			buildRules = (
			);
			dependencies = (
				6B8CCEBF2470A02C00617F80 /* PBXTargetDependency */,
			);
			name = "Benevent iOSTests";
			productName = "Benevent iOSTests";
			productReference = 6B8CCEBD2470A02B00617F80 /* Benevent iOSTests.xctest */;
			productType = "com.apple.product-type.bundle.unit-test";
		};
		6B8CCEC72470A02C00617F80 /* Benevent iOSUITests */ = {
			isa = PBXNativeTarget;
			buildConfigurationList = 6B8CCED72470A02C00617F80 /* Build configuration list for PBXNativeTarget "Benevent iOSUITests" */;
			buildPhases = (
				6B8CCEC42470A02C00617F80 /* Sources */,
				6B8CCEC52470A02C00617F80 /* Frameworks */,
				6B8CCEC62470A02C00617F80 /* Resources */,
			);
			buildRules = (
			);
			dependencies = (
				6B8CCECA2470A02C00617F80 /* PBXTargetDependency */,
			);
			name = "Benevent iOSUITests";
			productName = "Benevent iOSUITests";
			productReference = 6B8CCEC82470A02C00617F80 /* Benevent iOSUITests.xctest */;
			productType = "com.apple.product-type.bundle.ui-testing";
		};
/* End PBXNativeTarget section */

/* Begin PBXProject section */
		6B8CCE9F2470A02700617F80 /* Project object */ = {
			isa = PBXProject;
			attributes = {
				LastSwiftUpdateCheck = 1140;
				LastUpgradeCheck = 1140;
				ORGANIZATIONNAME = Benevent;
				TargetAttributes = {
					6B8CCEA62470A02700617F80 = {
						CreatedOnToolsVersion = 11.4.1;
					};
					6B8CCEBC2470A02B00617F80 = {
						CreatedOnToolsVersion = 11.4.1;
						TestTargetID = 6B8CCEA62470A02700617F80;
					};
					6B8CCEC72470A02C00617F80 = {
						CreatedOnToolsVersion = 11.4.1;
						TestTargetID = 6B8CCEA62470A02700617F80;
					};
				};
			};
			buildConfigurationList = 6B8CCEA22470A02700617F80 /* Build configuration list for PBXProject "Benevent iOS" */;
			compatibilityVersion = "Xcode 9.3";
			developmentRegion = en;
			hasScannedForEncodings = 0;
			knownRegions = (
				en,
				Base,
			);
			mainGroup = 6B8CCE9E2470A02700617F80;
			productRefGroup = 6B8CCEA82470A02700617F80 /* Products */;
			projectDirPath = "";
			projectRoot = "";
			targets = (
				6B8CCEA62470A02700617F80 /* Benevent iOS */,
				6B8CCEBC2470A02B00617F80 /* Benevent iOSTests */,
				6B8CCEC72470A02C00617F80 /* Benevent iOSUITests */,
			);
		};
/* End PBXProject section */

/* Begin PBXResourcesBuildPhase section */
		6B8CCEA52470A02700617F80 /* Resources */ = {
			isa = PBXResourcesBuildPhase;
			buildActionMask = 2147483647;
			files = (
				6B10AD7C24B321F700A28748 /* CreateEventViewController.xib in Resources */,
				6B10AD7724B0EEFA00A28748 /* EventTableViewCell.xib in Resources */,
				6B8CCEB72470A02B00617F80 /* LaunchScreen.storyboard in Resources */,
				6B751DD32483E40F0045CD43 /* SignupViewController.xib in Resources */,
				6BB55E3024A5092B00072E8D /* monofonto.ttf in Resources */,
				6B8CCEB42470A02B00617F80 /* Assets.xcassets in Resources */,
				6B10AD8F24B4BA9000A28748 /* EventDetailViewController.xib in Resources */,
				6BCB793424AE360A00BE2113 /* CreatePostViewController.xib in Resources */,
				6BC87DCB24A3FCED00874DE3 /* HomeTableViewCell.xib in Resources */,
				6B10AD9924B5209700A28748 /* EventQRViewController.xib in Resources */,
				6B7DD55E24BCEE0200B48394 /* Podfile in Resources */,
				6B74B91524BA220400128D13 /* EventParticipantsTableViewCell.xib in Resources */,
				6B8CCEE52470A6A200617F80 /* LoginViewController.xib in Resources */,
				6BC87DC124A3DEC900874DE3 /* EventViewController.xib in Resources */,
				6B27CE91247B3689004BB65F /* HomeViewController.xib in Resources */,
				6BB55E2C24A502FE00072E8D /* ProfileViewController.xib in Resources */,
				6BC87DC724A3DEEC00874DE3 /* FeedbackViewController.xib in Resources */,
				6B74B90F24BA212800128D13 /* EventParticipantsViewController.xib in Resources */,
			);
			runOnlyForDeploymentPostprocessing = 0;
		};
		6B8CCEBB2470A02B00617F80 /* Resources */ = {
			isa = PBXResourcesBuildPhase;
			buildActionMask = 2147483647;
			files = (
			);
			runOnlyForDeploymentPostprocessing = 0;
		};
		6B8CCEC62470A02C00617F80 /* Resources */ = {
			isa = PBXResourcesBuildPhase;
			buildActionMask = 2147483647;
			files = (
			);
			runOnlyForDeploymentPostprocessing = 0;
		};
/* End PBXResourcesBuildPhase section */

/* Begin PBXShellScriptBuildPhase section */
		7F8D5FF779C2C68DD3C94FFB /* [CP] Embed Pods Frameworks */ = {
			isa = PBXShellScriptBuildPhase;
			buildActionMask = 2147483647;
			files = (
			);
			inputFileListPaths = (
				"${PODS_ROOT}/Target Support Files/Pods-Benevent iOS/Pods-Benevent iOS-frameworks-${CONFIGURATION}-input-files.xcfilelist",
			);
			name = "[CP] Embed Pods Frameworks";
			outputFileListPaths = (
				"${PODS_ROOT}/Target Support Files/Pods-Benevent iOS/Pods-Benevent iOS-frameworks-${CONFIGURATION}-output-files.xcfilelist",
			);
			runOnlyForDeploymentPostprocessing = 0;
			shellPath = /bin/sh;
			shellScript = "\"${PODS_ROOT}/Target Support Files/Pods-Benevent iOS/Pods-Benevent iOS-frameworks.sh\"\n";
			showEnvVarsInLog = 0;
		};
		983039E7687AF1660BD2BE38 /* [CP] Check Pods Manifest.lock */ = {
			isa = PBXShellScriptBuildPhase;
			buildActionMask = 2147483647;
			files = (
			);
			inputFileListPaths = (
			);
			inputPaths = (
				"${PODS_PODFILE_DIR_PATH}/Podfile.lock",
				"${PODS_ROOT}/Manifest.lock",
			);
			name = "[CP] Check Pods Manifest.lock";
			outputFileListPaths = (
			);
			outputPaths = (
				"$(DERIVED_FILE_DIR)/Pods-Benevent iOS-checkManifestLockResult.txt",
			);
			runOnlyForDeploymentPostprocessing = 0;
			shellPath = /bin/sh;
			shellScript = "diff \"${PODS_PODFILE_DIR_PATH}/Podfile.lock\" \"${PODS_ROOT}/Manifest.lock\" > /dev/null\nif [ $? != 0 ] ; then\n    # print error to STDERR\n    echo \"error: The sandbox is not in sync with the Podfile.lock. Run 'pod install' or update your CocoaPods installation.\" >&2\n    exit 1\nfi\n# This output is used by Xcode 'outputs' to avoid re-running this script phase.\necho \"SUCCESS\" > \"${SCRIPT_OUTPUT_FILE_0}\"\n";
			showEnvVarsInLog = 0;
		};
/* End PBXShellScriptBuildPhase section */

/* Begin PBXSourcesBuildPhase section */
		6B8CCEA32470A02700617F80 /* Sources */ = {
			isa = PBXSourcesBuildPhase;
			buildActionMask = 2147483647;
			files = (
				6B10AD8124B3232800A28748 /* CategoryWebService.swift in Sources */,
				6B8CCEE42470A6A200617F80 /* LoginViewController.swift in Sources */,
				6BA53AD52482974100D4105F /* AppConfig.swift in Sources */,
				6BB55E2D24A502FE00072E8D /* ProfileViewController.swift in Sources */,
				6BC87DC624A3DEEC00874DE3 /* FeedbackViewController.swift in Sources */,
				6B751DD22483E40F0045CD43 /* SignupViewController.swift in Sources */,
				6B10AD9824B5209700A28748 /* EventQRViewController.swift in Sources */,
				6BA53ADF2483195200D4105F /* AssociationFactory.swift in Sources */,
				6BA53AD92483014300D4105F /* Association.swift in Sources */,
				6B10AD7B24B321F700A28748 /* CreateEventViewController.swift in Sources */,
				6BB55E2824A502D300072E8D /* extensions.swift in Sources */,
				6BC87DCA24A3FCED00874DE3 /* HomeTableViewCell.swift in Sources */,
				6B7DD55B24BB70D700B48394 /* Feedback.swift in Sources */,
				6B7DD55724BB709600B48394 /* FeedbackFactory.swift in Sources */,
				6BB55E2324A502C400072E8D /* EventFactory.swift in Sources */,
				6BCB793324AE360A00BE2113 /* CreatePostViewController.swift in Sources */,
				6BB55E2424A502C400072E8D /* EventWebService.swift in Sources */,
				6BC87DC024A3DEC900874DE3 /* EventViewController.swift in Sources */,
				6BB55E2724A502D300072E8D /* Event.swift in Sources */,
				6B10AD8324B3233300A28748 /* Category.swift in Sources */,
				6B8CCEAB2470A02700617F80 /* AppDelegate.swift in Sources */,
				6BC87DD224A4027600874DE3 /* Post.swift in Sources */,
				6B27CE90247B3689004BB65F /* HomeViewController.swift in Sources */,
				6B10AD8A24B49B1900A28748 /* User.swift in Sources */,
				6B74B91424BA220400128D13 /* EventParticipantsTableViewCell.swift in Sources */,
				6BA4405024A26712006FD94B /* AssociationWebService.swift in Sources */,
				6B7DD55924BB70A800B48394 /* FeedbackWebService.swift in Sources */,
				6B10AD8E24B4BA9000A28748 /* EventDetailViewController.swift in Sources */,
				6B10AD8624B49AFF00A28748 /* UserFactory.swift in Sources */,
				6B10AD7624B0EEFA00A28748 /* EventTableViewCell.swift in Sources */,
				6B10AD8824B49B0A00A28748 /* UserWebService.swift in Sources */,
				6B74B90E24BA212800128D13 /* EventParticipantsViewController.swift in Sources */,
				6BC87DD024A4026B00874DE3 /* PostWebService.swift in Sources */,
				6BC87DCE24A4025F00874DE3 /* PostFactory.swift in Sources */,
				6B10AD7F24B3231A00A28748 /* CategoryFactory.swift in Sources */,
			);
			runOnlyForDeploymentPostprocessing = 0;
		};
		6B8CCEB92470A02B00617F80 /* Sources */ = {
			isa = PBXSourcesBuildPhase;
			buildActionMask = 2147483647;
			files = (
				6B8CCEC22470A02C00617F80 /* Benevent_iOSTests.swift in Sources */,
			);
			runOnlyForDeploymentPostprocessing = 0;
		};
		6B8CCEC42470A02C00617F80 /* Sources */ = {
			isa = PBXSourcesBuildPhase;
			buildActionMask = 2147483647;
			files = (
				6B8CCECD2470A02C00617F80 /* Benevent_iOSUITests.swift in Sources */,
			);
			runOnlyForDeploymentPostprocessing = 0;
		};
/* End PBXSourcesBuildPhase section */

/* Begin PBXTargetDependency section */
		6B8CCEBF2470A02C00617F80 /* PBXTargetDependency */ = {
			isa = PBXTargetDependency;
			target = 6B8CCEA62470A02700617F80 /* Benevent iOS */;
			targetProxy = 6B8CCEBE2470A02B00617F80 /* PBXContainerItemProxy */;
		};
		6B8CCECA2470A02C00617F80 /* PBXTargetDependency */ = {
			isa = PBXTargetDependency;
			target = 6B8CCEA62470A02700617F80 /* Benevent iOS */;
			targetProxy = 6B8CCEC92470A02C00617F80 /* PBXContainerItemProxy */;
		};
/* End PBXTargetDependency section */

/* Begin PBXVariantGroup section */
		6B8CCEB52470A02B00617F80 /* LaunchScreen.storyboard */ = {
			isa = PBXVariantGroup;
			children = (
				6B8CCEB62470A02B00617F80 /* Base */,
			);
			name = LaunchScreen.storyboard;
			sourceTree = "<group>";
		};
/* End PBXVariantGroup section */

/* Begin XCBuildConfiguration section */
		6B8CCECF2470A02C00617F80 /* Debug */ = {
			isa = XCBuildConfiguration;
			buildSettings = {
				ALWAYS_SEARCH_USER_PATHS = NO;
				CLANG_ANALYZER_NONNULL = YES;
				CLANG_ANALYZER_NUMBER_OBJECT_CONVERSION = YES_AGGRESSIVE;
				CLANG_CXX_LANGUAGE_STANDARD = "gnu++14";
				CLANG_CXX_LIBRARY = "libc++";
				CLANG_ENABLE_MODULES = YES;
				CLANG_ENABLE_OBJC_ARC = YES;
				CLANG_ENABLE_OBJC_WEAK = YES;
				CLANG_WARN_BLOCK_CAPTURE_AUTORELEASING = YES;
				CLANG_WARN_BOOL_CONVERSION = YES;
				CLANG_WARN_COMMA = YES;
				CLANG_WARN_CONSTANT_CONVERSION = YES;
				CLANG_WARN_DEPRECATED_OBJC_IMPLEMENTATIONS = YES;
				CLANG_WARN_DIRECT_OBJC_ISA_USAGE = YES_ERROR;
				CLANG_WARN_DOCUMENTATION_COMMENTS = YES;
				CLANG_WARN_EMPTY_BODY = YES;
				CLANG_WARN_ENUM_CONVERSION = YES;
				CLANG_WARN_INFINITE_RECURSION = YES;
				CLANG_WARN_INT_CONVERSION = YES;
				CLANG_WARN_NON_LITERAL_NULL_CONVERSION = YES;
				CLANG_WARN_OBJC_IMPLICIT_RETAIN_SELF = YES;
				CLANG_WARN_OBJC_LITERAL_CONVERSION = YES;
				CLANG_WARN_OBJC_ROOT_CLASS = YES_ERROR;
				CLANG_WARN_RANGE_LOOP_ANALYSIS = YES;
				CLANG_WARN_STRICT_PROTOTYPES = YES;
				CLANG_WARN_SUSPICIOUS_MOVE = YES;
				CLANG_WARN_UNGUARDED_AVAILABILITY = YES_AGGRESSIVE;
				CLANG_WARN_UNREACHABLE_CODE = YES;
				CLANG_WARN__DUPLICATE_METHOD_MATCH = YES;
				CODE_SIGN_IDENTITY = "iPhone Developer";
				CODE_SIGN_STYLE = Manual;
				COPY_PHASE_STRIP = NO;
				DEBUG_INFORMATION_FORMAT = dwarf;
				ENABLE_STRICT_OBJC_MSGSEND = YES;
				ENABLE_TESTABILITY = YES;
				GCC_C_LANGUAGE_STANDARD = gnu11;
				GCC_DYNAMIC_NO_PIC = NO;
				GCC_NO_COMMON_BLOCKS = YES;
				GCC_OPTIMIZATION_LEVEL = 0;
				GCC_PREPROCESSOR_DEFINITIONS = (
					"DEBUG=1",
					"$(inherited)",
				);
				GCC_WARN_64_TO_32_BIT_CONVERSION = YES;
				GCC_WARN_ABOUT_RETURN_TYPE = YES_ERROR;
				GCC_WARN_UNDECLARED_SELECTOR = YES;
				GCC_WARN_UNINITIALIZED_AUTOS = YES_AGGRESSIVE;
				GCC_WARN_UNUSED_FUNCTION = YES;
				GCC_WARN_UNUSED_VARIABLE = YES;
				IPHONEOS_DEPLOYMENT_TARGET = 11.0;
				MTL_ENABLE_DEBUG_INFO = INCLUDE_SOURCE;
				MTL_FAST_MATH = YES;
				ONLY_ACTIVE_ARCH = YES;
				SDKROOT = iphoneos;
				SWIFT_ACTIVE_COMPILATION_CONDITIONS = DEBUG;
				SWIFT_OPTIMIZATION_LEVEL = "-Onone";
			};
			name = Debug;
		};
		6B8CCED02470A02C00617F80 /* Release */ = {
			isa = XCBuildConfiguration;
			buildSettings = {
				ALWAYS_SEARCH_USER_PATHS = NO;
				CLANG_ANALYZER_NONNULL = YES;
				CLANG_ANALYZER_NUMBER_OBJECT_CONVERSION = YES_AGGRESSIVE;
				CLANG_CXX_LANGUAGE_STANDARD = "gnu++14";
				CLANG_CXX_LIBRARY = "libc++";
				CLANG_ENABLE_MODULES = YES;
				CLANG_ENABLE_OBJC_ARC = YES;
				CLANG_ENABLE_OBJC_WEAK = YES;
				CLANG_WARN_BLOCK_CAPTURE_AUTORELEASING = YES;
				CLANG_WARN_BOOL_CONVERSION = YES;
				CLANG_WARN_COMMA = YES;
				CLANG_WARN_CONSTANT_CONVERSION = YES;
				CLANG_WARN_DEPRECATED_OBJC_IMPLEMENTATIONS = YES;
				CLANG_WARN_DIRECT_OBJC_ISA_USAGE = YES_ERROR;
				CLANG_WARN_DOCUMENTATION_COMMENTS = YES;
				CLANG_WARN_EMPTY_BODY = YES;
				CLANG_WARN_ENUM_CONVERSION = YES;
				CLANG_WARN_INFINITE_RECURSION = YES;
				CLANG_WARN_INT_CONVERSION = YES;
				CLANG_WARN_NON_LITERAL_NULL_CONVERSION = YES;
				CLANG_WARN_OBJC_IMPLICIT_RETAIN_SELF = YES;
				CLANG_WARN_OBJC_LITERAL_CONVERSION = YES;
				CLANG_WARN_OBJC_ROOT_CLASS = YES_ERROR;
				CLANG_WARN_RANGE_LOOP_ANALYSIS = YES;
				CLANG_WARN_STRICT_PROTOTYPES = YES;
				CLANG_WARN_SUSPICIOUS_MOVE = YES;
				CLANG_WARN_UNGUARDED_AVAILABILITY = YES_AGGRESSIVE;
				CLANG_WARN_UNREACHABLE_CODE = YES;
				CLANG_WARN__DUPLICATE_METHOD_MATCH = YES;
				CODE_SIGN_IDENTITY = "iPhone Developer";
				CODE_SIGN_STYLE = Manual;
				COPY_PHASE_STRIP = NO;
				DEBUG_INFORMATION_FORMAT = "dwarf-with-dsym";
				ENABLE_NS_ASSERTIONS = NO;
				ENABLE_STRICT_OBJC_MSGSEND = YES;
				GCC_C_LANGUAGE_STANDARD = gnu11;
				GCC_NO_COMMON_BLOCKS = YES;
				GCC_WARN_64_TO_32_BIT_CONVERSION = YES;
				GCC_WARN_ABOUT_RETURN_TYPE = YES_ERROR;
				GCC_WARN_UNDECLARED_SELECTOR = YES;
				GCC_WARN_UNINITIALIZED_AUTOS = YES_AGGRESSIVE;
				GCC_WARN_UNUSED_FUNCTION = YES;
				GCC_WARN_UNUSED_VARIABLE = YES;
				IPHONEOS_DEPLOYMENT_TARGET = 11.0;
				MTL_ENABLE_DEBUG_INFO = NO;
				MTL_FAST_MATH = YES;
				SDKROOT = iphoneos;
				SWIFT_COMPILATION_MODE = wholemodule;
				SWIFT_OPTIMIZATION_LEVEL = "-O";
				VALIDATE_PRODUCT = YES;
			};
			name = Release;
		};
		6B8CCED22470A02C00617F80 /* Debug */ = {
			isa = XCBuildConfiguration;
			baseConfigurationReference = 6F81017D69A0A2A525011457 /* Pods-Benevent iOS.debug.xcconfig */;
			buildSettings = {
				ASSETCATALOG_COMPILER_APPICON_NAME = AppIcon;
				CODE_SIGN_ENTITLEMENTS = "Benevent iOS/Benevent iOS.entitlements";
				CODE_SIGN_STYLE = Automatic;
				DEVELOPMENT_TEAM = YRQ424FS9D;
				INFOPLIST_FILE = "Benevent iOS/Info.plist";
				IPHONEOS_DEPLOYMENT_TARGET = 11.0;
				LD_RUNPATH_SEARCH_PATHS = (
					"$(inherited)",
					"@executable_path/Frameworks",
				);
				PRODUCT_BUNDLE_IDENTIFIER = "com.esgi.Benevent-iOS";
				PRODUCT_NAME = "$(TARGET_NAME)";
				SWIFT_VERSION = 5.0;
				TARGETED_DEVICE_FAMILY = 2;
			};
			name = Debug;
		};
		6B8CCED32470A02C00617F80 /* Release */ = {
			isa = XCBuildConfiguration;
			baseConfigurationReference = EAD63CFD5B53C56A72448093 /* Pods-Benevent iOS.release.xcconfig */;
			buildSettings = {
				ASSETCATALOG_COMPILER_APPICON_NAME = AppIcon;
				CODE_SIGN_ENTITLEMENTS = "Benevent iOS/Benevent iOS.entitlements";
				CODE_SIGN_STYLE = Automatic;
				DEVELOPMENT_TEAM = YRQ424FS9D;
				INFOPLIST_FILE = "Benevent iOS/Info.plist";
				IPHONEOS_DEPLOYMENT_TARGET = 11.0;
				LD_RUNPATH_SEARCH_PATHS = (
					"$(inherited)",
					"@executable_path/Frameworks",
				);
				PRODUCT_BUNDLE_IDENTIFIER = "com.esgi.Benevent-iOS";
				PRODUCT_NAME = "$(TARGET_NAME)";
				SWIFT_VERSION = 5.0;
				TARGETED_DEVICE_FAMILY = 2;
			};
			name = Release;
		};
		6B8CCED52470A02C00617F80 /* Debug */ = {
			isa = XCBuildConfiguration;
			buildSettings = {
				ALWAYS_EMBED_SWIFT_STANDARD_LIBRARIES = YES;
				BUNDLE_LOADER = "$(TEST_HOST)";
				CODE_SIGN_STYLE = Automatic;
				DEVELOPMENT_TEAM = YRQ424FS9D;
				INFOPLIST_FILE = "Benevent iOSTests/Info.plist";
				IPHONEOS_DEPLOYMENT_TARGET = 13.4;
				LD_RUNPATH_SEARCH_PATHS = (
					"$(inherited)",
					"@executable_path/Frameworks",
					"@loader_path/Frameworks",
				);
				PRODUCT_BUNDLE_IDENTIFIER = "com.esgi.Benevent-iOSTests";
				PRODUCT_NAME = "$(TARGET_NAME)";
				SWIFT_VERSION = 5.0;
				TARGETED_DEVICE_FAMILY = "1,2";
				TEST_HOST = "$(BUILT_PRODUCTS_DIR)/Benevent iOS.app/Benevent iOS";
			};
			name = Debug;
		};
		6B8CCED62470A02C00617F80 /* Release */ = {
			isa = XCBuildConfiguration;
			buildSettings = {
				ALWAYS_EMBED_SWIFT_STANDARD_LIBRARIES = YES;
				BUNDLE_LOADER = "$(TEST_HOST)";
				CODE_SIGN_STYLE = Automatic;
				DEVELOPMENT_TEAM = YRQ424FS9D;
				INFOPLIST_FILE = "Benevent iOSTests/Info.plist";
				IPHONEOS_DEPLOYMENT_TARGET = 13.4;
				LD_RUNPATH_SEARCH_PATHS = (
					"$(inherited)",
					"@executable_path/Frameworks",
					"@loader_path/Frameworks",
				);
				PRODUCT_BUNDLE_IDENTIFIER = "com.esgi.Benevent-iOSTests";
				PRODUCT_NAME = "$(TARGET_NAME)";
				SWIFT_VERSION = 5.0;
				TARGETED_DEVICE_FAMILY = "1,2";
				TEST_HOST = "$(BUILT_PRODUCTS_DIR)/Benevent iOS.app/Benevent iOS";
			};
			name = Release;
		};
		6B8CCED82470A02C00617F80 /* Debug */ = {
			isa = XCBuildConfiguration;
			buildSettings = {
				ALWAYS_EMBED_SWIFT_STANDARD_LIBRARIES = YES;
				CODE_SIGN_STYLE = Automatic;
				DEVELOPMENT_TEAM = YRQ424FS9D;
				INFOPLIST_FILE = "Benevent iOSUITests/Info.plist";
				LD_RUNPATH_SEARCH_PATHS = (
					"$(inherited)",
					"@executable_path/Frameworks",
					"@loader_path/Frameworks",
				);
				PRODUCT_BUNDLE_IDENTIFIER = "com.esgi.Benevent-iOSUITests";
				PRODUCT_NAME = "$(TARGET_NAME)";
				SWIFT_VERSION = 5.0;
				TARGETED_DEVICE_FAMILY = "1,2";
				TEST_TARGET_NAME = "Benevent iOS";
			};
			name = Debug;
		};
		6B8CCED92470A02C00617F80 /* Release */ = {
			isa = XCBuildConfiguration;
			buildSettings = {
				ALWAYS_EMBED_SWIFT_STANDARD_LIBRARIES = YES;
				CODE_SIGN_STYLE = Automatic;
				DEVELOPMENT_TEAM = YRQ424FS9D;
				INFOPLIST_FILE = "Benevent iOSUITests/Info.plist";
				LD_RUNPATH_SEARCH_PATHS = (
					"$(inherited)",
					"@executable_path/Frameworks",
					"@loader_path/Frameworks",
				);
				PRODUCT_BUNDLE_IDENTIFIER = "com.esgi.Benevent-iOSUITests";
				PRODUCT_NAME = "$(TARGET_NAME)";
				SWIFT_VERSION = 5.0;
				TARGETED_DEVICE_FAMILY = "1,2";
				TEST_TARGET_NAME = "Benevent iOS";
			};
			name = Release;
		};
/* End XCBuildConfiguration section */

/* Begin XCConfigurationList section */
		6B8CCEA22470A02700617F80 /* Build configuration list for PBXProject "Benevent iOS" */ = {
			isa = XCConfigurationList;
			buildConfigurations = (
				6B8CCECF2470A02C00617F80 /* Debug */,
				6B8CCED02470A02C00617F80 /* Release */,
			);
			defaultConfigurationIsVisible = 0;
			defaultConfigurationName = Release;
		};
		6B8CCED12470A02C00617F80 /* Build configuration list for PBXNativeTarget "Benevent iOS" */ = {
			isa = XCConfigurationList;
			buildConfigurations = (
				6B8CCED22470A02C00617F80 /* Debug */,
				6B8CCED32470A02C00617F80 /* Release */,
			);
			defaultConfigurationIsVisible = 0;
			defaultConfigurationName = Release;
		};
		6B8CCED42470A02C00617F80 /* Build configuration list for PBXNativeTarget "Benevent iOSTests" */ = {
			isa = XCConfigurationList;
			buildConfigurations = (
				6B8CCED52470A02C00617F80 /* Debug */,
				6B8CCED62470A02C00617F80 /* Release */,
			);
			defaultConfigurationIsVisible = 0;
			defaultConfigurationName = Release;
		};
		6B8CCED72470A02C00617F80 /* Build configuration list for PBXNativeTarget "Benevent iOSUITests" */ = {
			isa = XCConfigurationList;
			buildConfigurations = (
				6B8CCED82470A02C00617F80 /* Debug */,
				6B8CCED92470A02C00617F80 /* Release */,
			);
			defaultConfigurationIsVisible = 0;
			defaultConfigurationName = Release;
		};
/* End XCConfigurationList section */
	};
	rootObject = 6B8CCE9F2470A02700617F80 /* Project object */;
}
