// !$*UTF8*$!
{
	archiveVersion = 1;
	classes = {
	};
	objectVersion = 50;
	objects = {

/* Begin PBXBuildFile section */
		6B27CE90247B3689004BB65F /* HomeViewController.swift in Sources */ = {isa = PBXBuildFile; fileRef = 6B27CE8E247B3689004BB65F /* HomeViewController.swift */; };
		6B27CE91247B3689004BB65F /* HomeViewController.xib in Resources */ = {isa = PBXBuildFile; fileRef = 6B27CE8F247B3689004BB65F /* HomeViewController.xib */; };
		6B751DD22483E40F0045CD43 /* SignupViewController.swift in Sources */ = {isa = PBXBuildFile; fileRef = 6B751DD02483E40F0045CD43 /* SignupViewController.swift */; };
		6B751DD32483E40F0045CD43 /* SignupViewController.xib in Resources */ = {isa = PBXBuildFile; fileRef = 6B751DD12483E40F0045CD43 /* SignupViewController.xib */; };
		6B8CCEAB2470A02700617F80 /* AppDelegate.swift in Sources */ = {isa = PBXBuildFile; fileRef = 6B8CCEAA2470A02700617F80 /* AppDelegate.swift */; };
		6B8CCEB42470A02B00617F80 /* Assets.xcassets in Resources */ = {isa = PBXBuildFile; fileRef = 6B8CCEB32470A02B00617F80 /* Assets.xcassets */; };
		6B8CCEB72470A02B00617F80 /* LaunchScreen.storyboard in Resources */ = {isa = PBXBuildFile; fileRef = 6B8CCEB52470A02B00617F80 /* LaunchScreen.storyboard */; };
		6B8CCEC22470A02C00617F80 /* Benevent_iOSTests.swift in Sources */ = {isa = PBXBuildFile; fileRef = 6B8CCEC12470A02C00617F80 /* Benevent_iOSTests.swift */; };
		6B8CCECD2470A02C00617F80 /* Benevent_iOSUITests.swift in Sources */ = {isa = PBXBuildFile; fileRef = 6B8CCECC2470A02C00617F80 /* Benevent_iOSUITests.swift */; };
		6B8CCEE42470A6A200617F80 /* LoginViewController.swift in Sources */ = {isa = PBXBuildFile; fileRef = 6B8CCEE22470A6A200617F80 /* LoginViewController.swift */; };
		6B8CCEE52470A6A200617F80 /* LoginViewController.xib in Resources */ = {isa = PBXBuildFile; fileRef = 6B8CCEE32470A6A200617F80 /* LoginViewController.xib */; };
		6BA4404924A265C7006FD94B /* CategoryFactory.swift in Sources */ = {isa = PBXBuildFile; fileRef = 6BA4404824A265C7006FD94B /* CategoryFactory.swift */; };
		6BA4404B24A265F5006FD94B /* CategoryWebService.swift in Sources */ = {isa = PBXBuildFile; fileRef = 6BA4404A24A265F5006FD94B /* CategoryWebService.swift */; };
		6BA4404D24A26649006FD94B /* Category.swift in Sources */ = {isa = PBXBuildFile; fileRef = 6BA4404C24A26649006FD94B /* Category.swift */; };
		6BA4405024A26712006FD94B /* AssociationWebService.swift in Sources */ = {isa = PBXBuildFile; fileRef = 6BA4404F24A26712006FD94B /* AssociationWebService.swift */; };
		6BA53AD52482974100D4105F /* AppConfig.swift in Sources */ = {isa = PBXBuildFile; fileRef = 6BA53AD42482974100D4105F /* AppConfig.swift */; };
		6BA53AD92483014300D4105F /* Association.swift in Sources */ = {isa = PBXBuildFile; fileRef = 6BA53AD82483014300D4105F /* Association.swift */; };
		6BA53ADF2483195200D4105F /* AssociationFactory.swift in Sources */ = {isa = PBXBuildFile; fileRef = 6BA53ADE2483195200D4105F /* AssociationFactory.swift */; };
/* End PBXBuildFile section */

/* Begin PBXContainerItemProxy section */
		6B8CCEBE2470A02B00617F80 /* PBXContainerItemProxy */ = {
			isa = PBXContainerItemProxy;
			containerPortal = 6B8CCE9F2470A02700617F80 /* Project object */;
			proxyType = 1;
			remoteGlobalIDString = 6B8CCEA62470A02700617F80;
			remoteInfo = "Benevent iOS";
		};
		6B8CCEC92470A02C00617F80 /* PBXContainerItemProxy */ = {
			isa = PBXContainerItemProxy;
			containerPortal = 6B8CCE9F2470A02700617F80 /* Project object */;
			proxyType = 1;
			remoteGlobalIDString = 6B8CCEA62470A02700617F80;
			remoteInfo = "Benevent iOS";
		};
/* End PBXContainerItemProxy section */

/* Begin PBXFileReference section */
		6B27CE8E247B3689004BB65F /* HomeViewController.swift */ = {isa = PBXFileReference; lastKnownFileType = sourcecode.swift; path = HomeViewController.swift; sourceTree = "<group>"; };
		6B27CE8F247B3689004BB65F /* HomeViewController.xib */ = {isa = PBXFileReference; lastKnownFileType = file.xib; path = HomeViewController.xib; sourceTree = "<group>"; };
		6B751DD02483E40F0045CD43 /* SignupViewController.swift */ = {isa = PBXFileReference; lastKnownFileType = sourcecode.swift; path = SignupViewController.swift; sourceTree = "<group>"; };
		6B751DD12483E40F0045CD43 /* SignupViewController.xib */ = {isa = PBXFileReference; lastKnownFileType = file.xib; path = SignupViewController.xib; sourceTree = "<group>"; };
		6B8CCEA72470A02700617F80 /* Benevent iOS.app */ = {isa = PBXFileReference; explicitFileType = wrapper.application; includeInIndex = 0; path = "Benevent iOS.app"; sourceTree = BUILT_PRODUCTS_DIR; };
		6B8CCEAA2470A02700617F80 /* AppDelegate.swift */ = {isa = PBXFileReference; lastKnownFileType = sourcecode.swift; path = AppDelegate.swift; sourceTree = "<group>"; };
		6B8CCEB32470A02B00617F80 /* Assets.xcassets */ = {isa = PBXFileReference; lastKnownFileType = folder.assetcatalog; path = Assets.xcassets; sourceTree = "<group>"; };
		6B8CCEB62470A02B00617F80 /* Base */ = {isa = PBXFileReference; lastKnownFileType = file.storyboard; name = Base; path = Base.lproj/LaunchScreen.storyboard; sourceTree = "<group>"; };
		6B8CCEB82470A02B00617F80 /* Info.plist */ = {isa = PBXFileReference; lastKnownFileType = text.plist.xml; path = Info.plist; sourceTree = "<group>"; };
		6B8CCEBD2470A02B00617F80 /* Benevent iOSTests.xctest */ = {isa = PBXFileReference; explicitFileType = wrapper.cfbundle; includeInIndex = 0; path = "Benevent iOSTests.xctest"; sourceTree = BUILT_PRODUCTS_DIR; };
		6B8CCEC12470A02C00617F80 /* Benevent_iOSTests.swift */ = {isa = PBXFileReference; lastKnownFileType = sourcecode.swift; path = Benevent_iOSTests.swift; sourceTree = "<group>"; };
		6B8CCEC32470A02C00617F80 /* Info.plist */ = {isa = PBXFileReference; lastKnownFileType = text.plist.xml; path = Info.plist; sourceTree = "<group>"; };
		6B8CCEC82470A02C00617F80 /* Benevent iOSUITests.xctest */ = {isa = PBXFileReference; explicitFileType = wrapper.cfbundle; includeInIndex = 0; path = "Benevent iOSUITests.xctest"; sourceTree = BUILT_PRODUCTS_DIR; };
		6B8CCECC2470A02C00617F80 /* Benevent_iOSUITests.swift */ = {isa = PBXFileReference; lastKnownFileType = sourcecode.swift; path = Benevent_iOSUITests.swift; sourceTree = "<group>"; };
		6B8CCECE2470A02C00617F80 /* Info.plist */ = {isa = PBXFileReference; lastKnownFileType = text.plist.xml; path = Info.plist; sourceTree = "<group>"; };
		6B8CCEE22470A6A200617F80 /* LoginViewController.swift */ = {isa = PBXFileReference; lastKnownFileType = sourcecode.swift; path = LoginViewController.swift; sourceTree = "<group>"; };
		6B8CCEE32470A6A200617F80 /* LoginViewController.xib */ = {isa = PBXFileReference; lastKnownFileType = file.xib; path = LoginViewController.xib; sourceTree = "<group>"; };
		6BA4404824A265C7006FD94B /* CategoryFactory.swift */ = {isa = PBXFileReference; lastKnownFileType = sourcecode.swift; path = CategoryFactory.swift; sourceTree = "<group>"; };
		6BA4404A24A265F5006FD94B /* CategoryWebService.swift */ = {isa = PBXFileReference; lastKnownFileType = sourcecode.swift; path = CategoryWebService.swift; sourceTree = "<group>"; };
		6BA4404C24A26649006FD94B /* Category.swift */ = {isa = PBXFileReference; lastKnownFileType = sourcecode.swift; path = Category.swift; sourceTree = "<group>"; };
		6BA4404F24A26712006FD94B /* AssociationWebService.swift */ = {isa = PBXFileReference; lastKnownFileType = sourcecode.swift; path = AssociationWebService.swift; sourceTree = "<group>"; };
		6BA53AD42482974100D4105F /* AppConfig.swift */ = {isa = PBXFileReference; lastKnownFileType = sourcecode.swift; path = AppConfig.swift; sourceTree = "<group>"; };
		6BA53AD82483014300D4105F /* Association.swift */ = {isa = PBXFileReference; lastKnownFileType = sourcecode.swift; path = Association.swift; sourceTree = "<group>"; };
		6BA53ADE2483195200D4105F /* AssociationFactory.swift */ = {isa = PBXFileReference; lastKnownFileType = sourcecode.swift; path = AssociationFactory.swift; sourceTree = "<group>"; };
/* End PBXFileReference section */

/* Begin PBXFrameworksBuildPhase section */
		6B8CCEA42470A02700617F80 /* Frameworks */ = {
			isa = PBXFrameworksBuildPhase;
			buildActionMask = 2147483647;
			files = (
			);
			runOnlyForDeploymentPostprocessing = 0;
		};
		6B8CCEBA2470A02B00617F80 /* Frameworks */ = {
			isa = PBXFrameworksBuildPhase;
			buildActionMask = 2147483647;
			files = (
			);
			runOnlyForDeploymentPostprocessing = 0;
		};
		6B8CCEC52470A02C00617F80 /* Frameworks */ = {
			isa = PBXFrameworksBuildPhase;
			buildActionMask = 2147483647;
			files = (
			);
			runOnlyForDeploymentPostprocessing = 0;
		};
/* End PBXFrameworksBuildPhase section */

/* Begin PBXGroup section */
		6B751DCF2483E3E80045CD43 /* Signin_Signup */ = {
			isa = PBXGroup;
			children = (
				6B8CCEE22470A6A200617F80 /* LoginViewController.swift */,
				6B8CCEE32470A6A200617F80 /* LoginViewController.xib */,
				6B751DD02483E40F0045CD43 /* SignupViewController.swift */,
				6B751DD12483E40F0045CD43 /* SignupViewController.xib */,
			);
			path = Signin_Signup;
			sourceTree = "<group>";
		};
		6B8CCE9E2470A02700617F80 = {
			isa = PBXGroup;
			children = (
				6B8CCEA92470A02700617F80 /* Benevent iOS */,
				6B8CCEC02470A02C00617F80 /* Benevent iOSTests */,
				6B8CCECB2470A02C00617F80 /* Benevent iOSUITests */,
				6B8CCEA82470A02700617F80 /* Products */,
			);
			sourceTree = "<group>";
		};
		6B8CCEA82470A02700617F80 /* Products */ = {
			isa = PBXGroup;
			children = (
				6B8CCEA72470A02700617F80 /* Benevent iOS.app */,
				6B8CCEBD2470A02B00617F80 /* Benevent iOSTests.xctest */,
				6B8CCEC82470A02C00617F80 /* Benevent iOSUITests.xctest */,
			);
			name = Products;
			sourceTree = "<group>";
		};
		6B8CCEA92470A02700617F80 /* Benevent iOS */ = {
			isa = PBXGroup;
			children = (
				6B8CCEE12470A66100617F80 /* Services */,
				6B8CCEE02470A65500617F80 /* Models */,
				6B8CCEDF2470A64F00617F80 /* Scenes */,
				6B8CCEAA2470A02700617F80 /* AppDelegate.swift */,
				6B8CCEB32470A02B00617F80 /* Assets.xcassets */,
				6B8CCEB52470A02B00617F80 /* LaunchScreen.storyboard */,
				6B8CCEB82470A02B00617F80 /* Info.plist */,
				6BA53AD42482974100D4105F /* AppConfig.swift */,
			);
			path = "Benevent iOS";
			sourceTree = "<group>";
		};
		6B8CCEC02470A02C00617F80 /* Benevent iOSTests */ = {
			isa = PBXGroup;
			children = (
				6B8CCEC12470A02C00617F80 /* Benevent_iOSTests.swift */,
				6B8CCEC32470A02C00617F80 /* Info.plist */,
			);
			path = "Benevent iOSTests";
			sourceTree = "<group>";
		};
		6B8CCECB2470A02C00617F80 /* Benevent iOSUITests */ = {
			isa = PBXGroup;
			children = (
				6B8CCECC2470A02C00617F80 /* Benevent_iOSUITests.swift */,
				6B8CCECE2470A02C00617F80 /* Info.plist */,
			);
			path = "Benevent iOSUITests";
			sourceTree = "<group>";
		};
		6B8CCEDF2470A64F00617F80 /* Scenes */ = {
			isa = PBXGroup;
			children = (
				6B751DCF2483E3E80045CD43 /* Signin_Signup */,
				6B27CE8E247B3689004BB65F /* HomeViewController.swift */,
				6B27CE8F247B3689004BB65F /* HomeViewController.xib */,
			);
			path = Scenes;
			sourceTree = "<group>";
		};
		6B8CCEE02470A65500617F80 /* Models */ = {
			isa = PBXGroup;
			children = (
				6BA53AD82483014300D4105F /* Association.swift */,
				6BA4404C24A26649006FD94B /* Category.swift */,
			);
			path = Models;
			sourceTree = "<group>";
		};
		6B8CCEE12470A66100617F80 /* Services */ = {
			isa = PBXGroup;
			children = (
				6BA4404E24A26701006FD94B /* Association */,
				6BA4404724A265A9006FD94B /* Category */,
			);
			path = Services;
			sourceTree = "<group>";
		};
		6BA4404724A265A9006FD94B /* Category */ = {
			isa = PBXGroup;
			children = (
				6BA4404824A265C7006FD94B /* CategoryFactory.swift */,
				6BA4404A24A265F5006FD94B /* CategoryWebService.swift */,
			);
			path = Category;
			sourceTree = "<group>";
		};
		6BA4404E24A26701006FD94B /* Association */ = {
			isa = PBXGroup;
			children = (
				6BA53ADE2483195200D4105F /* AssociationFactory.swift */,
				6BA4404F24A26712006FD94B /* AssociationWebService.swift */,
			);
			path = Association;
			sourceTree = "<group>";
		};
/* End PBXGroup section */

/* Begin PBXNativeTarget section */
		6B8CCEA62470A02700617F80 /* Benevent iOS */ = {
			isa = PBXNativeTarget;
			buildConfigurationList = 6B8CCED12470A02C00617F80 /* Build configuration list for PBXNativeTarget "Benevent iOS" */;
			buildPhases = (
				6B8CCEA32470A02700617F80 /* Sources */,
				6B8CCEA42470A02700617F80 /* Frameworks */,
				6B8CCEA52470A02700617F80 /* Resources */,
			);
			buildRules = (
			);
			dependencies = (
			);
			name = "Benevent iOS";
			packageProductDependencies = (
			);
			productName = "Benevent iOS";
			productReference = 6B8CCEA72470A02700617F80 /* Benevent iOS.app */;
			productType = "com.apple.product-type.application";
		};
		6B8CCEBC2470A02B00617F80 /* Benevent iOSTests */ = {
			isa = PBXNativeTarget;
			buildConfigurationList = 6B8CCED42470A02C00617F80 /* Build configuration list for PBXNativeTarget "Benevent iOSTests" */;
			buildPhases = (
				6B8CCEB92470A02B00617F80 /* Sources */,
				6B8CCEBA2470A02B00617F80 /* Frameworks */,
				6B8CCEBB2470A02B00617F80 /* Resources */,
			);
			buildRules = (
			);
			dependencies = (
				6B8CCEBF2470A02C00617F80 /* PBXTargetDependency */,
			);
			name = "Benevent iOSTests";
			productName = "Benevent iOSTests";
			productReference = 6B8CCEBD2470A02B00617F80 /* Benevent iOSTests.xctest */;
			productType = "com.apple.product-type.bundle.unit-test";
		};
		6B8CCEC72470A02C00617F80 /* Benevent iOSUITests */ = {
			isa = PBXNativeTarget;
			buildConfigurationList = 6B8CCED72470A02C00617F80 /* Build configuration list for PBXNativeTarget "Benevent iOSUITests" */;
			buildPhases = (
				6B8CCEC42470A02C00617F80 /* Sources */,
				6B8CCEC52470A02C00617F80 /* Frameworks */,
				6B8CCEC62470A02C00617F80 /* Resources */,
			);
			buildRules = (
			);
			dependencies = (
				6B8CCECA2470A02C00617F80 /* PBXTargetDependency */,
			);
			name = "Benevent iOSUITests";
			productName = "Benevent iOSUITests";
			productReference = 6B8CCEC82470A02C00617F80 /* Benevent iOSUITests.xctest */;
			productType = "com.apple.product-type.bundle.ui-testing";
		};
/* End PBXNativeTarget section */

/* Begin PBXProject section */
		6B8CCE9F2470A02700617F80 /* Project object */ = {
			isa = PBXProject;
			attributes = {
				LastSwiftUpdateCheck = 1140;
				LastUpgradeCheck = 1140;
				ORGANIZATIONNAME = Benevent;
				TargetAttributes = {
					6B8CCEA62470A02700617F80 = {
						CreatedOnToolsVersion = 11.4.1;
					};
					6B8CCEBC2470A02B00617F80 = {
						CreatedOnToolsVersion = 11.4.1;
						TestTargetID = 6B8CCEA62470A02700617F80;
					};
					6B8CCEC72470A02C00617F80 = {
						CreatedOnToolsVersion = 11.4.1;
						TestTargetID = 6B8CCEA62470A02700617F80;
					};
				};
			};
			buildConfigurationList = 6B8CCEA22470A02700617F80 /* Build configuration list for PBXProject "Benevent iOS" */;
			compatibilityVersion = "Xcode 9.3";
			developmentRegion = en;
			hasScannedForEncodings = 0;
			knownRegions = (
				en,
				Base,
			);
			mainGroup = 6B8CCE9E2470A02700617F80;
			packageReferences = (
			);
			productRefGroup = 6B8CCEA82470A02700617F80 /* Products */;
			projectDirPath = "";
			projectRoot = "";
			targets = (
				6B8CCEA62470A02700617F80 /* Benevent iOS */,
				6B8CCEBC2470A02B00617F80 /* Benevent iOSTests */,
				6B8CCEC72470A02C00617F80 /* Benevent iOSUITests */,
			);
		};
/* End PBXProject section */

/* Begin PBXResourcesBuildPhase section */
		6B8CCEA52470A02700617F80 /* Resources */ = {
			isa = PBXResourcesBuildPhase;
			buildActionMask = 2147483647;
			files = (
				6B8CCEB72470A02B00617F80 /* LaunchScreen.storyboard in Resources */,
				6B751DD32483E40F0045CD43 /* SignupViewController.xib in Resources */,
				6B8CCEB42470A02B00617F80 /* Assets.xcassets in Resources */,
				6B8CCEE52470A6A200617F80 /* LoginViewController.xib in Resources */,
				6B27CE91247B3689004BB65F /* HomeViewController.xib in Resources */,
			);
			runOnlyForDeploymentPostprocessing = 0;
		};
		6B8CCEBB2470A02B00617F80 /* Resources */ = {
			isa = PBXResourcesBuildPhase;
			buildActionMask = 2147483647;
			files = (
			);
			runOnlyForDeploymentPostprocessing = 0;
		};
		6B8CCEC62470A02C00617F80 /* Resources */ = {
			isa = PBXResourcesBuildPhase;
			buildActionMask = 2147483647;
			files = (
			);
			runOnlyForDeploymentPostprocessing = 0;
		};
/* End PBXResourcesBuildPhase section */

/* Begin PBXSourcesBuildPhase section */
		6B8CCEA32470A02700617F80 /* Sources */ = {
			isa = PBXSourcesBuildPhase;
			buildActionMask = 2147483647;
			files = (
				6BA4404B24A265F5006FD94B /* CategoryWebService.swift in Sources */,
				6B8CCEE42470A6A200617F80 /* LoginViewController.swift in Sources */,
				6BA4404924A265C7006FD94B /* CategoryFactory.swift in Sources */,
				6BA53AD52482974100D4105F /* AppConfig.swift in Sources */,
				6B751DD22483E40F0045CD43 /* SignupViewController.swift in Sources */,
				6BA53ADF2483195200D4105F /* AssociationFactory.swift in Sources */,
				6BA53AD92483014300D4105F /* Association.swift in Sources */,
				6B8CCEAB2470A02700617F80 /* AppDelegate.swift in Sources */,
				6B27CE90247B3689004BB65F /* HomeViewController.swift in Sources */,
				6BA4405024A26712006FD94B /* AssociationWebService.swift in Sources */,
				6BA4404D24A26649006FD94B /* Category.swift in Sources */,
			);
			runOnlyForDeploymentPostprocessing = 0;
		};
		6B8CCEB92470A02B00617F80 /* Sources */ = {
			isa = PBXSourcesBuildPhase;
			buildActionMask = 2147483647;
			files = (
				6B8CCEC22470A02C00617F80 /* Benevent_iOSTests.swift in Sources */,
			);
			runOnlyForDeploymentPostprocessing = 0;
		};
		6B8CCEC42470A02C00617F80 /* Sources */ = {
			isa = PBXSourcesBuildPhase;
			buildActionMask = 2147483647;
			files = (
				6B8CCECD2470A02C00617F80 /* Benevent_iOSUITests.swift in Sources */,
			);
			runOnlyForDeploymentPostprocessing = 0;
		};
/* End PBXSourcesBuildPhase section */

/* Begin PBXTargetDependency section */
		6B8CCEBF2470A02C00617F80 /* PBXTargetDependency */ = {
			isa = PBXTargetDependency;
			target = 6B8CCEA62470A02700617F80 /* Benevent iOS */;
			targetProxy = 6B8CCEBE2470A02B00617F80 /* PBXContainerItemProxy */;
		};
		6B8CCECA2470A02C00617F80 /* PBXTargetDependency */ = {
			isa = PBXTargetDependency;
			target = 6B8CCEA62470A02700617F80 /* Benevent iOS */;
			targetProxy = 6B8CCEC92470A02C00617F80 /* PBXContainerItemProxy */;
		};
/* End PBXTargetDependency section */

/* Begin PBXVariantGroup section */
		6B8CCEB52470A02B00617F80 /* LaunchScreen.storyboard */ = {
			isa = PBXVariantGroup;
			children = (
				6B8CCEB62470A02B00617F80 /* Base */,
			);
			name = LaunchScreen.storyboard;
			sourceTree = "<group>";
		};
/* End PBXVariantGroup section */

/* Begin XCBuildConfiguration section */
		6B8CCECF2470A02C00617F80 /* Debug */ = {
			isa = XCBuildConfiguration;
			buildSettings = {
				ALWAYS_SEARCH_USER_PATHS = NO;
				CLANG_ANALYZER_NONNULL = YES;
				CLANG_ANALYZER_NUMBER_OBJECT_CONVERSION = YES_AGGRESSIVE;
				CLANG_CXX_LANGUAGE_STANDARD = "gnu++14";
				CLANG_CXX_LIBRARY = "libc++";
				CLANG_ENABLE_MODULES = YES;
				CLANG_ENABLE_OBJC_ARC = YES;
				CLANG_ENABLE_OBJC_WEAK = YES;
				CLANG_WARN_BLOCK_CAPTURE_AUTORELEASING = YES;
				CLANG_WARN_BOOL_CONVERSION = YES;
				CLANG_WARN_COMMA = YES;
				CLANG_WARN_CONSTANT_CONVERSION = YES;
				CLANG_WARN_DEPRECATED_OBJC_IMPLEMENTATIONS = YES;
				CLANG_WARN_DIRECT_OBJC_ISA_USAGE = YES_ERROR;
				CLANG_WARN_DOCUMENTATION_COMMENTS = YES;
				CLANG_WARN_EMPTY_BODY = YES;
				CLANG_WARN_ENUM_CONVERSION = YES;
				CLANG_WARN_INFINITE_RECURSION = YES;
				CLANG_WARN_INT_CONVERSION = YES;
				CLANG_WARN_NON_LITERAL_NULL_CONVERSION = YES;
				CLANG_WARN_OBJC_IMPLICIT_RETAIN_SELF = YES;
				CLANG_WARN_OBJC_LITERAL_CONVERSION = YES;
				CLANG_WARN_OBJC_ROOT_CLASS = YES_ERROR;
				CLANG_WARN_RANGE_LOOP_ANALYSIS = YES;
				CLANG_WARN_STRICT_PROTOTYPES = YES;
				CLANG_WARN_SUSPICIOUS_MOVE = YES;
				CLANG_WARN_UNGUARDED_AVAILABILITY = YES_AGGRESSIVE;
				CLANG_WARN_UNREACHABLE_CODE = YES;
				CLANG_WARN__DUPLICATE_METHOD_MATCH = YES;
				COPY_PHASE_STRIP = NO;
				DEBUG_INFORMATION_FORMAT = dwarf;
				ENABLE_STRICT_OBJC_MSGSEND = YES;
				ENABLE_TESTABILITY = YES;
				GCC_C_LANGUAGE_STANDARD = gnu11;
				GCC_DYNAMIC_NO_PIC = NO;
				GCC_NO_COMMON_BLOCKS = YES;
				GCC_OPTIMIZATION_LEVEL = 0;
				GCC_PREPROCESSOR_DEFINITIONS = (
					"DEBUG=1",
					"$(inherited)",
				);
				GCC_WARN_64_TO_32_BIT_CONVERSION = YES;
				GCC_WARN_ABOUT_RETURN_TYPE = YES_ERROR;
				GCC_WARN_UNDECLARED_SELECTOR = YES;
				GCC_WARN_UNINITIALIZED_AUTOS = YES_AGGRESSIVE;
				GCC_WARN_UNUSED_FUNCTION = YES;
				GCC_WARN_UNUSED_VARIABLE = YES;
				IPHONEOS_DEPLOYMENT_TARGET = 13.4;
				MTL_ENABLE_DEBUG_INFO = INCLUDE_SOURCE;
				MTL_FAST_MATH = YES;
				ONLY_ACTIVE_ARCH = YES;
				SDKROOT = iphoneos;
				SWIFT_ACTIVE_COMPILATION_CONDITIONS = DEBUG;
				SWIFT_OPTIMIZATION_LEVEL = "-Onone";
			};
			name = Debug;
		};
		6B8CCED02470A02C00617F80 /* Release */ = {
			isa = XCBuildConfiguration;
			buildSettings = {
				ALWAYS_SEARCH_USER_PATHS = NO;
				CLANG_ANALYZER_NONNULL = YES;
				CLANG_ANALYZER_NUMBER_OBJECT_CONVERSION = YES_AGGRESSIVE;
				CLANG_CXX_LANGUAGE_STANDARD = "gnu++14";
				CLANG_CXX_LIBRARY = "libc++";
				CLANG_ENABLE_MODULES = YES;
				CLANG_ENABLE_OBJC_ARC = YES;
				CLANG_ENABLE_OBJC_WEAK = YES;
				CLANG_WARN_BLOCK_CAPTURE_AUTORELEASING = YES;
				CLANG_WARN_BOOL_CONVERSION = YES;
				CLANG_WARN_COMMA = YES;
				CLANG_WARN_CONSTANT_CONVERSION = YES;
				CLANG_WARN_DEPRECATED_OBJC_IMPLEMENTATIONS = YES;
				CLANG_WARN_DIRECT_OBJC_ISA_USAGE = YES_ERROR;
				CLANG_WARN_DOCUMENTATION_COMMENTS = YES;
				CLANG_WARN_EMPTY_BODY = YES;
				CLANG_WARN_ENUM_CONVERSION = YES;
				CLANG_WARN_INFINITE_RECURSION = YES;
				CLANG_WARN_INT_CONVERSION = YES;
				CLANG_WARN_NON_LITERAL_NULL_CONVERSION = YES;
				CLANG_WARN_OBJC_IMPLICIT_RETAIN_SELF = YES;
				CLANG_WARN_OBJC_LITERAL_CONVERSION = YES;
				CLANG_WARN_OBJC_ROOT_CLASS = YES_ERROR;
				CLANG_WARN_RANGE_LOOP_ANALYSIS = YES;
				CLANG_WARN_STRICT_PROTOTYPES = YES;
				CLANG_WARN_SUSPICIOUS_MOVE = YES;
				CLANG_WARN_UNGUARDED_AVAILABILITY = YES_AGGRESSIVE;
				CLANG_WARN_UNREACHABLE_CODE = YES;
				CLANG_WARN__DUPLICATE_METHOD_MATCH = YES;
				COPY_PHASE_STRIP = NO;
				DEBUG_INFORMATION_FORMAT = "dwarf-with-dsym";
				ENABLE_NS_ASSERTIONS = NO;
				ENABLE_STRICT_OBJC_MSGSEND = YES;
				GCC_C_LANGUAGE_STANDARD = gnu11;
				GCC_NO_COMMON_BLOCKS = YES;
				GCC_WARN_64_TO_32_BIT_CONVERSION = YES;
				GCC_WARN_ABOUT_RETURN_TYPE = YES_ERROR;
				GCC_WARN_UNDECLARED_SELECTOR = YES;
				GCC_WARN_UNINITIALIZED_AUTOS = YES_AGGRESSIVE;
				GCC_WARN_UNUSED_FUNCTION = YES;
				GCC_WARN_UNUSED_VARIABLE = YES;
				IPHONEOS_DEPLOYMENT_TARGET = 13.4;
				MTL_ENABLE_DEBUG_INFO = NO;
				MTL_FAST_MATH = YES;
				SDKROOT = iphoneos;
				SWIFT_COMPILATION_MODE = wholemodule;
				SWIFT_OPTIMIZATION_LEVEL = "-O";
				VALIDATE_PRODUCT = YES;
			};
			name = Release;
		};
		6B8CCED22470A02C00617F80 /* Debug */ = {
			isa = XCBuildConfiguration;
			buildSettings = {
				ASSETCATALOG_COMPILER_APPICON_NAME = AppIcon;
				CODE_SIGN_STYLE = Automatic;
				DEVELOPMENT_TEAM = YRQ424FS9D;
				INFOPLIST_FILE = "Benevent iOS/Info.plist";
				LD_RUNPATH_SEARCH_PATHS = (
					"$(inherited)",
					"@executable_path/Frameworks",
				);
				PRODUCT_BUNDLE_IDENTIFIER = "com.esgi.Benevent-iOS";
				PRODUCT_NAME = "$(TARGET_NAME)";
				SWIFT_VERSION = 5.0;
				TARGETED_DEVICE_FAMILY = "1,2";
			};
			name = Debug;
		};
		6B8CCED32470A02C00617F80 /* Release */ = {
			isa = XCBuildConfiguration;
			buildSettings = {
				ASSETCATALOG_COMPILER_APPICON_NAME = AppIcon;
				CODE_SIGN_STYLE = Automatic;
				DEVELOPMENT_TEAM = YRQ424FS9D;
				INFOPLIST_FILE = "Benevent iOS/Info.plist";
				LD_RUNPATH_SEARCH_PATHS = (
					"$(inherited)",
					"@executable_path/Frameworks",
				);
				PRODUCT_BUNDLE_IDENTIFIER = "com.esgi.Benevent-iOS";
				PRODUCT_NAME = "$(TARGET_NAME)";
				SWIFT_VERSION = 5.0;
				TARGETED_DEVICE_FAMILY = "1,2";
			};
			name = Release;
		};
		6B8CCED52470A02C00617F80 /* Debug */ = {
			isa = XCBuildConfiguration;
			buildSettings = {
				ALWAYS_EMBED_SWIFT_STANDARD_LIBRARIES = YES;
				BUNDLE_LOADER = "$(TEST_HOST)";
				CODE_SIGN_STYLE = Automatic;
				DEVELOPMENT_TEAM = YRQ424FS9D;
				INFOPLIST_FILE = "Benevent iOSTests/Info.plist";
				IPHONEOS_DEPLOYMENT_TARGET = 13.4;
				LD_RUNPATH_SEARCH_PATHS = (
					"$(inherited)",
					"@executable_path/Frameworks",
					"@loader_path/Frameworks",
				);
				PRODUCT_BUNDLE_IDENTIFIER = "com.esgi.Benevent-iOSTests";
				PRODUCT_NAME = "$(TARGET_NAME)";
				SWIFT_VERSION = 5.0;
				TARGETED_DEVICE_FAMILY = "1,2";
				TEST_HOST = "$(BUILT_PRODUCTS_DIR)/Benevent iOS.app/Benevent iOS";
			};
			name = Debug;
		};
		6B8CCED62470A02C00617F80 /* Release */ = {
			isa = XCBuildConfiguration;
			buildSettings = {
				ALWAYS_EMBED_SWIFT_STANDARD_LIBRARIES = YES;
				BUNDLE_LOADER = "$(TEST_HOST)";
				CODE_SIGN_STYLE = Automatic;
				DEVELOPMENT_TEAM = YRQ424FS9D;
				INFOPLIST_FILE = "Benevent iOSTests/Info.plist";
				IPHONEOS_DEPLOYMENT_TARGET = 13.4;
				LD_RUNPATH_SEARCH_PATHS = (
					"$(inherited)",
					"@executable_path/Frameworks",
					"@loader_path/Frameworks",
				);
				PRODUCT_BUNDLE_IDENTIFIER = "com.esgi.Benevent-iOSTests";
				PRODUCT_NAME = "$(TARGET_NAME)";
				SWIFT_VERSION = 5.0;
				TARGETED_DEVICE_FAMILY = "1,2";
				TEST_HOST = "$(BUILT_PRODUCTS_DIR)/Benevent iOS.app/Benevent iOS";
			};
			name = Release;
		};
		6B8CCED82470A02C00617F80 /* Debug */ = {
			isa = XCBuildConfiguration;
			buildSettings = {
				ALWAYS_EMBED_SWIFT_STANDARD_LIBRARIES = YES;
				CODE_SIGN_STYLE = Automatic;
				DEVELOPMENT_TEAM = YRQ424FS9D;
				INFOPLIST_FILE = "Benevent iOSUITests/Info.plist";
				LD_RUNPATH_SEARCH_PATHS = (
					"$(inherited)",
					"@executable_path/Frameworks",
					"@loader_path/Frameworks",
				);
				PRODUCT_BUNDLE_IDENTIFIER = "com.esgi.Benevent-iOSUITests";
				PRODUCT_NAME = "$(TARGET_NAME)";
				SWIFT_VERSION = 5.0;
				TARGETED_DEVICE_FAMILY = "1,2";
				TEST_TARGET_NAME = "Benevent iOS";
			};
			name = Debug;
		};
		6B8CCED92470A02C00617F80 /* Release */ = {
			isa = XCBuildConfiguration;
			buildSettings = {
				ALWAYS_EMBED_SWIFT_STANDARD_LIBRARIES = YES;
				CODE_SIGN_STYLE = Automatic;
				DEVELOPMENT_TEAM = YRQ424FS9D;
				INFOPLIST_FILE = "Benevent iOSUITests/Info.plist";
				LD_RUNPATH_SEARCH_PATHS = (
					"$(inherited)",
					"@executable_path/Frameworks",
					"@loader_path/Frameworks",
				);
				PRODUCT_BUNDLE_IDENTIFIER = "com.esgi.Benevent-iOSUITests";
				PRODUCT_NAME = "$(TARGET_NAME)";
				SWIFT_VERSION = 5.0;
				TARGETED_DEVICE_FAMILY = "1,2";
				TEST_TARGET_NAME = "Benevent iOS";
			};
			name = Release;
		};
/* End XCBuildConfiguration section */

/* Begin XCConfigurationList section */
		6B8CCEA22470A02700617F80 /* Build configuration list for PBXProject "Benevent iOS" */ = {
			isa = XCConfigurationList;
			buildConfigurations = (
				6B8CCECF2470A02C00617F80 /* Debug */,
				6B8CCED02470A02C00617F80 /* Release */,
			);
			defaultConfigurationIsVisible = 0;
			defaultConfigurationName = Release;
		};
		6B8CCED12470A02C00617F80 /* Build configuration list for PBXNativeTarget "Benevent iOS" */ = {
			isa = XCConfigurationList;
			buildConfigurations = (
				6B8CCED22470A02C00617F80 /* Debug */,
				6B8CCED32470A02C00617F80 /* Release */,
			);
			defaultConfigurationIsVisible = 0;
			defaultConfigurationName = Release;
		};
		6B8CCED42470A02C00617F80 /* Build configuration list for PBXNativeTarget "Benevent iOSTests" */ = {
			isa = XCConfigurationList;
			buildConfigurations = (
				6B8CCED52470A02C00617F80 /* Debug */,
				6B8CCED62470A02C00617F80 /* Release */,
			);
			defaultConfigurationIsVisible = 0;
			defaultConfigurationName = Release;
		};
		6B8CCED72470A02C00617F80 /* Build configuration list for PBXNativeTarget "Benevent iOSUITests" */ = {
			isa = XCConfigurationList;
			buildConfigurations = (
				6B8CCED82470A02C00617F80 /* Debug */,
				6B8CCED92470A02C00617F80 /* Release */,
			);
			defaultConfigurationIsVisible = 0;
			defaultConfigurationName = Release;
		};
/* End XCConfigurationList section */
	};
	rootObject = 6B8CCE9F2470A02700617F80 /* Project object */;
}
